// !$*UTF8*$!
{
	archiveVersion = 1;
	classes = {
	};
	objectVersion = 55;
	objects = {

/* Begin PBXBuildFile section */
		92EA454F27554E4200770D38 /* AppDelegate.swift in Sources */ = {isa = PBXBuildFile; fileRef = 92EA454E27554E4200770D38 /* AppDelegate.swift */; };
		92EA455127554E4200770D38 /* SceneDelegate.swift in Sources */ = {isa = PBXBuildFile; fileRef = 92EA455027554E4200770D38 /* SceneDelegate.swift */; };
		92EA455327554E4200770D38 /* ViewController.swift in Sources */ = {isa = PBXBuildFile; fileRef = 92EA455227554E4200770D38 /* ViewController.swift */; };
		92EA455627554E4200770D38 /* Main.storyboard in Resources */ = {isa = PBXBuildFile; fileRef = 92EA455427554E4200770D38 /* Main.storyboard */; };
		92EA455827554E4300770D38 /* Assets.xcassets in Resources */ = {isa = PBXBuildFile; fileRef = 92EA455727554E4300770D38 /* Assets.xcassets */; };
		92EA455B27554E4300770D38 /* LaunchScreen.storyboard in Resources */ = {isa = PBXBuildFile; fileRef = 92EA455927554E4300770D38 /* LaunchScreen.storyboard */; };
		92EA456427554E5A00770D38 /* Alamofire in Frameworks */ = {isa = PBXBuildFile; productRef = 92EA456327554E5A00770D38 /* Alamofire */; };
		92EA456B27554FD800770D38 /* APIConstants.swift in Sources */ = {isa = PBXBuildFile; fileRef = 92EA456A27554FD800770D38 /* APIConstants.swift */; };
		92EA456D275551A600770D38 /* NetworkResult.swift in Sources */ = {isa = PBXBuildFile; fileRef = 92EA456C275551A600770D38 /* NetworkResult.swift */; };
		92EA45702755524C00770D38 /* MainDataModel.swift in Sources */ = {isa = PBXBuildFile; fileRef = 92EA456F2755524C00770D38 /* MainDataModel.swift */; };
		92EA45732755532400770D38 /* MainService.swift in Sources */ = {isa = PBXBuildFile; fileRef = 92EA45722755532400770D38 /* MainService.swift */; };
		92EA4575275558A000770D38 /* CommentDataModel.swift in Sources */ = {isa = PBXBuildFile; fileRef = 92EA4574275558A000770D38 /* CommentDataModel.swift */; };
		92EA45772755590600770D38 /* CommentService.swift in Sources */ = {isa = PBXBuildFile; fileRef = 92EA45762755590600770D38 /* CommentService.swift */; };
/* End PBXBuildFile section */

/* Begin PBXFileReference section */
		92EA454B27554E4200770D38 /* Alamofire-Demo.app */ = {isa = PBXFileReference; explicitFileType = wrapper.application; includeInIndex = 0; path = "Alamofire-Demo.app"; sourceTree = BUILT_PRODUCTS_DIR; };
		92EA454E27554E4200770D38 /* AppDelegate.swift */ = {isa = PBXFileReference; lastKnownFileType = sourcecode.swift; path = AppDelegate.swift; sourceTree = "<group>"; };
		92EA455027554E4200770D38 /* SceneDelegate.swift */ = {isa = PBXFileReference; lastKnownFileType = sourcecode.swift; path = SceneDelegate.swift; sourceTree = "<group>"; };
		92EA455227554E4200770D38 /* ViewController.swift */ = {isa = PBXFileReference; lastKnownFileType = sourcecode.swift; path = ViewController.swift; sourceTree = "<group>"; };
		92EA455527554E4200770D38 /* Base */ = {isa = PBXFileReference; lastKnownFileType = file.storyboard; name = Base; path = Base.lproj/Main.storyboard; sourceTree = "<group>"; };
		92EA455727554E4300770D38 /* Assets.xcassets */ = {isa = PBXFileReference; lastKnownFileType = folder.assetcatalog; path = Assets.xcassets; sourceTree = "<group>"; };
		92EA455A27554E4300770D38 /* Base */ = {isa = PBXFileReference; lastKnownFileType = file.storyboard; name = Base; path = Base.lproj/LaunchScreen.storyboard; sourceTree = "<group>"; };
		92EA455C27554E4300770D38 /* Info.plist */ = {isa = PBXFileReference; lastKnownFileType = text.plist.xml; path = Info.plist; sourceTree = "<group>"; };
		92EA456A27554FD800770D38 /* APIConstants.swift */ = {isa = PBXFileReference; lastKnownFileType = sourcecode.swift; path = APIConstants.swift; sourceTree = "<group>"; };
		92EA456C275551A600770D38 /* NetworkResult.swift */ = {isa = PBXFileReference; lastKnownFileType = sourcecode.swift; path = NetworkResult.swift; sourceTree = "<group>"; };
		92EA456F2755524C00770D38 /* MainDataModel.swift */ = {isa = PBXFileReference; lastKnownFileType = sourcecode.swift; path = MainDataModel.swift; sourceTree = "<group>"; };
		92EA45722755532400770D38 /* MainService.swift */ = {isa = PBXFileReference; lastKnownFileType = sourcecode.swift; path = MainService.swift; sourceTree = "<group>"; };
		92EA4574275558A000770D38 /* CommentDataModel.swift */ = {isa = PBXFileReference; lastKnownFileType = sourcecode.swift; path = CommentDataModel.swift; sourceTree = "<group>"; };
		92EA45762755590600770D38 /* CommentService.swift */ = {isa = PBXFileReference; lastKnownFileType = sourcecode.swift; path = CommentService.swift; sourceTree = "<group>"; };
/* End PBXFileReference section */

/* Begin PBXFrameworksBuildPhase section */
		92EA454827554E4200770D38 /* Frameworks */ = {
			isa = PBXFrameworksBuildPhase;
			buildActionMask = 2147483647;
			files = (
				92EA456427554E5A00770D38 /* Alamofire in Frameworks */,
			);
			runOnlyForDeploymentPostprocessing = 0;
		};
/* End PBXFrameworksBuildPhase section */

/* Begin PBXGroup section */
		92EA454227554E4200770D38 = {
			isa = PBXGroup;
			children = (
				92EA454D27554E4200770D38 /* Alamofire-Demo */,
				92EA454C27554E4200770D38 /* Products */,
			);
			sourceTree = "<group>";
		};
		92EA454C27554E4200770D38 /* Products */ = {
			isa = PBXGroup;
			children = (
				92EA454B27554E4200770D38 /* Alamofire-Demo.app */,
			);
			name = Products;
			sourceTree = "<group>";
		};
		92EA454D27554E4200770D38 /* Alamofire-Demo */ = {
			isa = PBXGroup;
			children = (
				92EA455C27554E4300770D38 /* Info.plist */,
				92EA456727554E7100770D38 /* Resources */,
				92EA456627554E6B00770D38 /* Sources */,
			);
			path = "Alamofire-Demo";
			sourceTree = "<group>";
		};
		92EA456527554E6300770D38 /* Supports */ = {
			isa = PBXGroup;
			children = (
				92EA454E27554E4200770D38 /* AppDelegate.swift */,
				92EA455027554E4200770D38 /* SceneDelegate.swift */,
			);
			path = Supports;
			sourceTree = "<group>";
		};
		92EA456627554E6B00770D38 /* Sources */ = {
			isa = PBXGroup;
			children = (
				92EA455227554E4200770D38 /* ViewController.swift */,
				92EA456527554E6300770D38 /* Supports */,
			);
			path = Sources;
			sourceTree = "<group>";
		};
		92EA456727554E7100770D38 /* Resources */ = {
			isa = PBXGroup;
			children = (
				92EA455727554E4300770D38 /* Assets.xcassets */,
				92EA456927554F4000770D38 /* Network */,
				92EA456827554F3200770D38 /* Storyboards */,
			);
			path = Resources;
			sourceTree = "<group>";
		};
		92EA456827554F3200770D38 /* Storyboards */ = {
			isa = PBXGroup;
			children = (
				92EA455427554E4200770D38 /* Main.storyboard */,
				92EA455927554E4300770D38 /* LaunchScreen.storyboard */,
			);
			path = Storyboards;
			sourceTree = "<group>";
		};
		92EA456927554F4000770D38 /* Network */ = {
			isa = PBXGroup;
			children = (
				92EA456A27554FD800770D38 /* APIConstants.swift */,
				92EA456C275551A600770D38 /* NetworkResult.swift */,
				92EA4571275552FC00770D38 /* Service */,
				92EA456E2755520200770D38 /* Models */,
			);
			path = Network;
			sourceTree = "<group>";
		};
		92EA456E2755520200770D38 /* Models */ = {
			isa = PBXGroup;
			children = (
				92EA456F2755524C00770D38 /* MainDataModel.swift */,
				92EA4574275558A000770D38 /* CommentDataModel.swift */,
			);
			path = Models;
			sourceTree = "<group>";
		};
		92EA4571275552FC00770D38 /* Service */ = {
			isa = PBXGroup;
			children = (
				92EA45722755532400770D38 /* MainService.swift */,
				92EA45762755590600770D38 /* CommentService.swift */,
			);
			path = Service;
			sourceTree = "<group>";
		};
/* End PBXGroup section */

/* Begin PBXNativeTarget section */
		92EA454A27554E4200770D38 /* Alamofire-Demo */ = {
			isa = PBXNativeTarget;
			buildConfigurationList = 92EA455F27554E4300770D38 /* Build configuration list for PBXNativeTarget "Alamofire-Demo" */;
			buildPhases = (
				92EA454727554E4200770D38 /* Sources */,
				92EA454827554E4200770D38 /* Frameworks */,
				92EA454927554E4200770D38 /* Resources */,
			);
			buildRules = (
			);
			dependencies = (
			);
			name = "Alamofire-Demo";
			packageProductDependencies = (
				92EA456327554E5A00770D38 /* Alamofire */,
			);
			productName = "Alamofire-Demo";
			productReference = 92EA454B27554E4200770D38 /* Alamofire-Demo.app */;
			productType = "com.apple.product-type.application";
		};
/* End PBXNativeTarget section */

/* Begin PBXProject section */
		92EA454327554E4200770D38 /* Project object */ = {
			isa = PBXProject;
			attributes = {
				BuildIndependentTargetsInParallel = 1;
				LastSwiftUpdateCheck = 1310;
				LastUpgradeCheck = 1310;
				TargetAttributes = {
					92EA454A27554E4200770D38 = {
						CreatedOnToolsVersion = 13.1;
					};
				};
			};
			buildConfigurationList = 92EA454627554E4200770D38 /* Build configuration list for PBXProject "Alamofire-Demo" */;
			compatibilityVersion = "Xcode 13.0";
			developmentRegion = en;
			hasScannedForEncodings = 0;
			knownRegions = (
				en,
				Base,
			);
			mainGroup = 92EA454227554E4200770D38;
			packageReferences = (
				92EA456227554E5A00770D38 /* XCRemoteSwiftPackageReference "Alamofire" */,
			);
			productRefGroup = 92EA454C27554E4200770D38 /* Products */;
			projectDirPath = "";
			projectRoot = "";
			targets = (
				92EA454A27554E4200770D38 /* Alamofire-Demo */,
			);
		};
/* End PBXProject section */

/* Begin PBXResourcesBuildPhase section */
		92EA454927554E4200770D38 /* Resources */ = {
			isa = PBXResourcesBuildPhase;
			buildActionMask = 2147483647;
			files = (
				92EA455B27554E4300770D38 /* LaunchScreen.storyboard in Resources */,
				92EA455827554E4300770D38 /* Assets.xcassets in Resources */,
				92EA455627554E4200770D38 /* Main.storyboard in Resources */,
			);
			runOnlyForDeploymentPostprocessing = 0;
		};
/* End PBXResourcesBuildPhase section */

/* Begin PBXSourcesBuildPhase section */
		92EA454727554E4200770D38 /* Sources */ = {
			isa = PBXSourcesBuildPhase;
			buildActionMask = 2147483647;
			files = (
				92EA45732755532400770D38 /* MainService.swift in Sources */,
				92EA45702755524C00770D38 /* MainDataModel.swift in Sources */,
				92EA456B27554FD800770D38 /* APIConstants.swift in Sources */,
				92EA456D275551A600770D38 /* NetworkResult.swift in Sources */,
				92EA45772755590600770D38 /* CommentService.swift in Sources */,
				92EA455327554E4200770D38 /* ViewController.swift in Sources */,
				92EA454F27554E4200770D38 /* AppDelegate.swift in Sources */,
				92EA455127554E4200770D38 /* SceneDelegate.swift in Sources */,
				92EA4575275558A000770D38 /* CommentDataModel.swift in Sources */,
			);
			runOnlyForDeploymentPostprocessing = 0;
		};
/* End PBXSourcesBuildPhase section */

/* Begin PBXVariantGroup section */
		92EA455427554E4200770D38 /* Main.storyboard */ = {
			isa = PBXVariantGroup;
			children = (
				92EA455527554E4200770D38 /* Base */,
			);
			name = Main.storyboard;
			sourceTree = "<group>";
		};
		92EA455927554E4300770D38 /* LaunchScreen.storyboard */ = {
			isa = PBXVariantGroup;
			children = (
				92EA455A27554E4300770D38 /* Base */,
			);
			name = LaunchScreen.storyboard;
			sourceTree = "<group>";
		};
/* End PBXVariantGroup section */

/* Begin XCBuildConfiguration section */
		92EA455D27554E4300770D38 /* Debug */ = {
			isa = XCBuildConfiguration;
			buildSettings = {
				ALWAYS_SEARCH_USER_PATHS = NO;
				CLANG_ANALYZER_NONNULL = YES;
				CLANG_ANALYZER_NUMBER_OBJECT_CONVERSION = YES_AGGRESSIVE;
				CLANG_CXX_LANGUAGE_STANDARD = "gnu++17";
				CLANG_CXX_LIBRARY = "libc++";
				CLANG_ENABLE_MODULES = YES;
				CLANG_ENABLE_OBJC_ARC = YES;
				CLANG_ENABLE_OBJC_WEAK = YES;
				CLANG_WARN_BLOCK_CAPTURE_AUTORELEASING = YES;
				CLANG_WARN_BOOL_CONVERSION = YES;
				CLANG_WARN_COMMA = YES;
				CLANG_WARN_CONSTANT_CONVERSION = YES;
				CLANG_WARN_DEPRECATED_OBJC_IMPLEMENTATIONS = YES;
				CLANG_WARN_DIRECT_OBJC_ISA_USAGE = YES_ERROR;
				CLANG_WARN_DOCUMENTATION_COMMENTS = YES;
				CLANG_WARN_EMPTY_BODY = YES;
				CLANG_WARN_ENUM_CONVERSION = YES;
				CLANG_WARN_INFINITE_RECURSION = YES;
				CLANG_WARN_INT_CONVERSION = YES;
				CLANG_WARN_NON_LITERAL_NULL_CONVERSION = YES;
				CLANG_WARN_OBJC_IMPLICIT_RETAIN_SELF = YES;
				CLANG_WARN_OBJC_LITERAL_CONVERSION = YES;
				CLANG_WARN_OBJC_ROOT_CLASS = YES_ERROR;
				CLANG_WARN_QUOTED_INCLUDE_IN_FRAMEWORK_HEADER = YES;
				CLANG_WARN_RANGE_LOOP_ANALYSIS = YES;
				CLANG_WARN_STRICT_PROTOTYPES = YES;
				CLANG_WARN_SUSPICIOUS_MOVE = YES;
				CLANG_WARN_UNGUARDED_AVAILABILITY = YES_AGGRESSIVE;
				CLANG_WARN_UNREACHABLE_CODE = YES;
				CLANG_WARN__DUPLICATE_METHOD_MATCH = YES;
				COPY_PHASE_STRIP = NO;
				DEBUG_INFORMATION_FORMAT = dwarf;
				ENABLE_STRICT_OBJC_MSGSEND = YES;
				ENABLE_TESTABILITY = YES;
				GCC_C_LANGUAGE_STANDARD = gnu11;
				GCC_DYNAMIC_NO_PIC = NO;
				GCC_NO_COMMON_BLOCKS = YES;
				GCC_OPTIMIZATION_LEVEL = 0;
				GCC_PREPROCESSOR_DEFINITIONS = (
					"DEBUG=1",
					"$(inherited)",
				);
				GCC_WARN_64_TO_32_BIT_CONVERSION = YES;
				GCC_WARN_ABOUT_RETURN_TYPE = YES_ERROR;
				GCC_WARN_UNDECLARED_SELECTOR = YES;
				GCC_WARN_UNINITIALIZED_AUTOS = YES_AGGRESSIVE;
				GCC_WARN_UNUSED_FUNCTION = YES;
				GCC_WARN_UNUSED_VARIABLE = YES;
				IPHONEOS_DEPLOYMENT_TARGET = 15.0;
				MTL_ENABLE_DEBUG_INFO = INCLUDE_SOURCE;
				MTL_FAST_MATH = YES;
				ONLY_ACTIVE_ARCH = YES;
				SDKROOT = iphoneos;
				SWIFT_ACTIVE_COMPILATION_CONDITIONS = DEBUG;
				SWIFT_OPTIMIZATION_LEVEL = "-Onone";
			};
			name = Debug;
		};
		92EA455E27554E4300770D38 /* Release */ = {
			isa = XCBuildConfiguration;
			buildSettings = {
				ALWAYS_SEARCH_USER_PATHS = NO;
				CLANG_ANALYZER_NONNULL = YES;
				CLANG_ANALYZER_NUMBER_OBJECT_CONVERSION = YES_AGGRESSIVE;
				CLANG_CXX_LANGUAGE_STANDARD = "gnu++17";
				CLANG_CXX_LIBRARY = "libc++";
				CLANG_ENABLE_MODULES = YES;
				CLANG_ENABLE_OBJC_ARC = YES;
				CLANG_ENABLE_OBJC_WEAK = YES;
				CLANG_WARN_BLOCK_CAPTURE_AUTORELEASING = YES;
				CLANG_WARN_BOOL_CONVERSION = YES;
				CLANG_WARN_COMMA = YES;
				CLANG_WARN_CONSTANT_CONVERSION = YES;
				CLANG_WARN_DEPRECATED_OBJC_IMPLEMENTATIONS = YES;
				CLANG_WARN_DIRECT_OBJC_ISA_USAGE = YES_ERROR;
				CLANG_WARN_DOCUMENTATION_COMMENTS = YES;
				CLANG_WARN_EMPTY_BODY = YES;
				CLANG_WARN_ENUM_CONVERSION = YES;
				CLANG_WARN_INFINITE_RECURSION = YES;
				CLANG_WARN_INT_CONVERSION = YES;
				CLANG_WARN_NON_LITERAL_NULL_CONVERSION = YES;
				CLANG_WARN_OBJC_IMPLICIT_RETAIN_SELF = YES;
				CLANG_WARN_OBJC_LITERAL_CONVERSION = YES;
				CLANG_WARN_OBJC_ROOT_CLASS = YES_ERROR;
				CLANG_WARN_QUOTED_INCLUDE_IN_FRAMEWORK_HEADER = YES;
				CLANG_WARN_RANGE_LOOP_ANALYSIS = YES;
				CLANG_WARN_STRICT_PROTOTYPES = YES;
				CLANG_WARN_SUSPICIOUS_MOVE = YES;
				CLANG_WARN_UNGUARDED_AVAILABILITY = YES_AGGRESSIVE;
				CLANG_WARN_UNREACHABLE_CODE = YES;
				CLANG_WARN__DUPLICATE_METHOD_MATCH = YES;
				COPY_PHASE_STRIP = NO;
				DEBUG_INFORMATION_FORMAT = "dwarf-with-dsym";
				ENABLE_NS_ASSERTIONS = NO;
				ENABLE_STRICT_OBJC_MSGSEND = YES;
				GCC_C_LANGUAGE_STANDARD = gnu11;
				GCC_NO_COMMON_BLOCKS = YES;
				GCC_WARN_64_TO_32_BIT_CONVERSION = YES;
				GCC_WARN_ABOUT_RETURN_TYPE = YES_ERROR;
				GCC_WARN_UNDECLARED_SELECTOR = YES;
				GCC_WARN_UNINITIALIZED_AUTOS = YES_AGGRESSIVE;
				GCC_WARN_UNUSED_FUNCTION = YES;
				GCC_WARN_UNUSED_VARIABLE = YES;
				IPHONEOS_DEPLOYMENT_TARGET = 15.0;
				MTL_ENABLE_DEBUG_INFO = NO;
				MTL_FAST_MATH = YES;
				SDKROOT = iphoneos;
				SWIFT_COMPILATION_MODE = wholemodule;
				SWIFT_OPTIMIZATION_LEVEL = "-O";
				VALIDATE_PRODUCT = YES;
			};
			name = Release;
		};
		92EA456027554E4300770D38 /* Debug */ = {
			isa = XCBuildConfiguration;
			buildSettings = {
				ASSETCATALOG_COMPILER_APPICON_NAME = AppIcon;
				ASSETCATALOG_COMPILER_GLOBAL_ACCENT_COLOR_NAME = AccentColor;
				CODE_SIGN_STYLE = Automatic;
				CURRENT_PROJECT_VERSION = 1;
				DEVELOPMENT_TEAM = 4QG3GC35LA;
				GENERATE_INFOPLIST_FILE = YES;
				INFOPLIST_FILE = "Alamofire-Demo/Info.plist";
				INFOPLIST_KEY_UIApplicationSupportsIndirectInputEvents = YES;
				INFOPLIST_KEY_UILaunchStoryboardName = LaunchScreen;
				INFOPLIST_KEY_UIMainStoryboardFile = Main;
				INFOPLIST_KEY_UISupportedInterfaceOrientations_iPad = "UIInterfaceOrientationPortrait UIInterfaceOrientationPortraitUpsideDown UIInterfaceOrientationLandscapeLeft UIInterfaceOrientationLandscapeRight";
				INFOPLIST_KEY_UISupportedInterfaceOrientations_iPhone = "UIInterfaceOrientationPortrait UIInterfaceOrientationLandscapeLeft UIInterfaceOrientationLandscapeRight";
				LD_RUNPATH_SEARCH_PATHS = (
					"$(inherited)",
					"@executable_path/Frameworks",
				);
				MARKETING_VERSION = 1.0;
				PRODUCT_BUNDLE_IDENTIFIER = "soyeon.Alamofire-Demo";
				PRODUCT_NAME = "$(TARGET_NAME)";
				SWIFT_EMIT_LOC_STRINGS = YES;
				SWIFT_VERSION = 5.0;
				TARGETED_DEVICE_FAMILY = "1,2";
			};
			name = Debug;
		};
		92EA456127554E4300770D38 /* Release */ = {
			isa = XCBuildConfiguration;
			buildSettings = {
				ASSETCATALOG_COMPILER_APPICON_NAME = AppIcon;
				ASSETCATALOG_COMPILER_GLOBAL_ACCENT_COLOR_NAME = AccentColor;
				CODE_SIGN_STYLE = Automatic;
				CURRENT_PROJECT_VERSION = 1;
				DEVELOPMENT_TEAM = 4QG3GC35LA;
				GENERATE_INFOPLIST_FILE = YES;
				INFOPLIST_FILE = "Alamofire-Demo/Info.plist";
				INFOPLIST_KEY_UIApplicationSupportsIndirectInputEvents = YES;
				INFOPLIST_KEY_UILaunchStoryboardName = LaunchScreen;
				INFOPLIST_KEY_UIMainStoryboardFile = Main;
				INFOPLIST_KEY_UISupportedInterfaceOrientations_iPad = "UIInterfaceOrientationPortrait UIInterfaceOrientationPortraitUpsideDown UIInterfaceOrientationLandscapeLeft UIInterfaceOrientationLandscapeRight";
				INFOPLIST_KEY_UISupportedInterfaceOrientations_iPhone = "UIInterfaceOrientationPortrait UIInterfaceOrientationLandscapeLeft UIInterfaceOrientationLandscapeRight";
				LD_RUNPATH_SEARCH_PATHS = (
					"$(inherited)",
					"@executable_path/Frameworks",
				);
				MARKETING_VERSION = 1.0;
				PRODUCT_BUNDLE_IDENTIFIER = "soyeon.Alamofire-Demo";
				PRODUCT_NAME = "$(TARGET_NAME)";
				SWIFT_EMIT_LOC_STRINGS = YES;
				SWIFT_VERSION = 5.0;
				TARGETED_DEVICE_FAMILY = "1,2";
			};
			name = Release;
		};
/* End XCBuildConfiguration section */

/* Begin XCConfigurationList section */
		92EA454627554E4200770D38 /* Build configuration list for PBXProject "Alamofire-Demo" */ = {
			isa = XCConfigurationList;
			buildConfigurations = (
				92EA455D27554E4300770D38 /* Debug */,
				92EA455E27554E4300770D38 /* Release */,
			);
			defaultConfigurationIsVisible = 0;
			defaultConfigurationName = Release;
		};
		92EA455F27554E4300770D38 /* Build configuration list for PBXNativeTarget "Alamofire-Demo" */ = {
			isa = XCConfigurationList;
			buildConfigurations = (
				92EA456027554E4300770D38 /* Debug */,
				92EA456127554E4300770D38 /* Release */,
			);
			defaultConfigurationIsVisible = 0;
			defaultConfigurationName = Release;
		};
/* End XCConfigurationList section */

/* Begin XCRemoteSwiftPackageReference section */
		92EA456227554E5A00770D38 /* XCRemoteSwiftPackageReference "Alamofire" */ = {
			isa = XCRemoteSwiftPackageReference;
			repositoryURL = "https://github.com/Alamofire/Alamofire.git";
			requirement = {
				branch = master;
				kind = branch;
			};
		};
/* End XCRemoteSwiftPackageReference section */

/* Begin XCSwiftPackageProductDependency section */
		92EA456327554E5A00770D38 /* Alamofire */ = {
			isa = XCSwiftPackageProductDependency;
			package = 92EA456227554E5A00770D38 /* XCRemoteSwiftPackageReference "Alamofire" */;
			productName = Alamofire;
		};
/* End XCSwiftPackageProductDependency section */
	};
	rootObject = 92EA454327554E4200770D38 /* Project object */;
}
