// !$*UTF8*$!
{
	archiveVersion = 1;
	classes = {
	};
	objectVersion = 50;
	objects = {

/* Begin PBXBuildFile section */
		927D04F726B6BCAB0010EA3F /* SecondPopup.storyboard in Resources */ = {isa = PBXBuildFile; fileRef = 927D04F626B6BCAB0010EA3F /* SecondPopup.storyboard */; };
		927D04F926B6BCBB0010EA3F /* SecondPopupVC.swift in Sources */ = {isa = PBXBuildFile; fileRef = 927D04F826B6BCBB0010EA3F /* SecondPopupVC.swift */; };
		927D04FE26B6E1280010EA3F /* TabbarController.swift in Sources */ = {isa = PBXBuildFile; fileRef = 927D04FD26B6E1280010EA3F /* TabbarController.swift */; };
		927D050026B6E1F50010EA3F /* Tabbar.storyboard in Resources */ = {isa = PBXBuildFile; fileRef = 927D04FF26B6E1F50010EA3F /* Tabbar.storyboard */; };
		9284EBC026B8E23A00D752D2 /* CategoryCVC.swift in Sources */ = {isa = PBXBuildFile; fileRef = 9284EBBE26B8E23A00D752D2 /* CategoryCVC.swift */; };
		9284EBC126B8E23A00D752D2 /* CategoryCVC.xib in Resources */ = {isa = PBXBuildFile; fileRef = 9284EBBF26B8E23A00D752D2 /* CategoryCVC.xib */; };
		9284EBC626B8E76300D752D2 /* FoodsTVC.swift in Sources */ = {isa = PBXBuildFile; fileRef = 9284EBC426B8E76300D752D2 /* FoodsTVC.swift */; };
		9284EBC726B8E76300D752D2 /* FoodsTVC.xib in Resources */ = {isa = PBXBuildFile; fileRef = 9284EBC526B8E76300D752D2 /* FoodsTVC.xib */; };
		9284EBC926B8E82900D752D2 /* CategoryDataModel.swift in Sources */ = {isa = PBXBuildFile; fileRef = 9284EBC826B8E82900D752D2 /* CategoryDataModel.swift */; };
		9284EBCB26B905EE00D752D2 /* Detail.storyboard in Resources */ = {isa = PBXBuildFile; fileRef = 9284EBCA26B905EE00D752D2 /* Detail.storyboard */; };
		9284EBCD26B9060000D752D2 /* DetailVC.swift in Sources */ = {isa = PBXBuildFile; fileRef = 9284EBCC26B9060000D752D2 /* DetailVC.swift */; };
		929D664726B7B28E00FAA0C0 /* FoodsDataModel.swift in Sources */ = {isa = PBXBuildFile; fileRef = 929D664626B7B28E00FAA0C0 /* FoodsDataModel.swift */; };
		92CE7AC326B53547005C13BD /* AppDelegate.swift in Sources */ = {isa = PBXBuildFile; fileRef = 92CE7AC226B53547005C13BD /* AppDelegate.swift */; };
		92CE7AC526B53547005C13BD /* SceneDelegate.swift in Sources */ = {isa = PBXBuildFile; fileRef = 92CE7AC426B53547005C13BD /* SceneDelegate.swift */; };
		92CE7AC726B53547005C13BD /* MainVC.swift in Sources */ = {isa = PBXBuildFile; fileRef = 92CE7AC626B53547005C13BD /* MainVC.swift */; };
		92CE7ACA26B53547005C13BD /* Main.storyboard in Resources */ = {isa = PBXBuildFile; fileRef = 92CE7AC826B53547005C13BD /* Main.storyboard */; };
		92CE7ACC26B53548005C13BD /* Assets.xcassets in Resources */ = {isa = PBXBuildFile; fileRef = 92CE7ACB26B53548005C13BD /* Assets.xcassets */; };
		92CE7ACF26B53548005C13BD /* LaunchScreen.storyboard in Resources */ = {isa = PBXBuildFile; fileRef = 92CE7ACD26B53548005C13BD /* LaunchScreen.storyboard */; };
		92CE7AD926B58C4A005C13BD /* Mypage.storyboard in Resources */ = {isa = PBXBuildFile; fileRef = 92CE7AD826B58C4A005C13BD /* Mypage.storyboard */; };
		92CE7ADB26B58C69005C13BD /* MypageVC.swift in Sources */ = {isa = PBXBuildFile; fileRef = 92CE7ADA26B58C69005C13BD /* MypageVC.swift */; };
		92CE7ADD26B58F89005C13BD /* Share.storyboard in Resources */ = {isa = PBXBuildFile; fileRef = 92CE7ADC26B58F89005C13BD /* Share.storyboard */; };
		92CE7ADF26B58F99005C13BD /* ShareVC.swift in Sources */ = {isa = PBXBuildFile; fileRef = 92CE7ADE26B58F99005C13BD /* ShareVC.swift */; };
		92CE7AE126B59344005C13BD /* NaviController.swift in Sources */ = {isa = PBXBuildFile; fileRef = 92CE7AE026B59344005C13BD /* NaviController.swift */; };
		92CE7AE426B5A7C3005C13BD /* FriendsTVC.swift in Sources */ = {isa = PBXBuildFile; fileRef = 92CE7AE226B5A7C3005C13BD /* FriendsTVC.swift */; };
		92CE7AE526B5A7C3005C13BD /* FriendsTVC.xib in Resources */ = {isa = PBXBuildFile; fileRef = 92CE7AE326B5A7C3005C13BD /* FriendsTVC.xib */; };
		92CE7AEA26B5AA60005C13BD /* FriendsDataModel.swift in Sources */ = {isa = PBXBuildFile; fileRef = 92CE7AE926B5AA60005C13BD /* FriendsDataModel.swift */; };
		92CE7AED26B5ABD8005C13BD /* UIColor+.swift in Sources */ = {isa = PBXBuildFile; fileRef = 92CE7AEC26B5ABD8005C13BD /* UIColor+.swift */; };
		92CE7AEF26B5ABE3005C13BD /* CALayer+.swift in Sources */ = {isa = PBXBuildFile; fileRef = 92CE7AEE26B5ABE3005C13BD /* CALayer+.swift */; };
		92CE7AF226B5D210005C13BD /* FirstPopup.storyboard in Resources */ = {isa = PBXBuildFile; fileRef = 92CE7AF126B5D210005C13BD /* FirstPopup.storyboard */; };
		92CE7AF426B5D283005C13BD /* FirstPopupVC.swift in Sources */ = {isa = PBXBuildFile; fileRef = 92CE7AF326B5D283005C13BD /* FirstPopupVC.swift */; };
/* End PBXBuildFile section */

/* Begin PBXFileReference section */
		927D04F626B6BCAB0010EA3F /* SecondPopup.storyboard */ = {isa = PBXFileReference; lastKnownFileType = file.storyboard; path = SecondPopup.storyboard; sourceTree = "<group>"; };
		927D04F826B6BCBB0010EA3F /* SecondPopupVC.swift */ = {isa = PBXFileReference; lastKnownFileType = sourcecode.swift; path = SecondPopupVC.swift; sourceTree = "<group>"; };
		927D04FD26B6E1280010EA3F /* TabbarController.swift */ = {isa = PBXFileReference; lastKnownFileType = sourcecode.swift; path = TabbarController.swift; sourceTree = "<group>"; };
		927D04FF26B6E1F50010EA3F /* Tabbar.storyboard */ = {isa = PBXFileReference; lastKnownFileType = file.storyboard; path = Tabbar.storyboard; sourceTree = "<group>"; };
		9284EBBE26B8E23A00D752D2 /* CategoryCVC.swift */ = {isa = PBXFileReference; lastKnownFileType = sourcecode.swift; path = CategoryCVC.swift; sourceTree = "<group>"; };
		9284EBBF26B8E23A00D752D2 /* CategoryCVC.xib */ = {isa = PBXFileReference; lastKnownFileType = file.xib; path = CategoryCVC.xib; sourceTree = "<group>"; };
		9284EBC426B8E76300D752D2 /* FoodsTVC.swift */ = {isa = PBXFileReference; lastKnownFileType = sourcecode.swift; path = FoodsTVC.swift; sourceTree = "<group>"; };
		9284EBC526B8E76300D752D2 /* FoodsTVC.xib */ = {isa = PBXFileReference; lastKnownFileType = file.xib; path = FoodsTVC.xib; sourceTree = "<group>"; };
		9284EBC826B8E82900D752D2 /* CategoryDataModel.swift */ = {isa = PBXFileReference; lastKnownFileType = sourcecode.swift; path = CategoryDataModel.swift; sourceTree = "<group>"; };
		9284EBCA26B905EE00D752D2 /* Detail.storyboard */ = {isa = PBXFileReference; lastKnownFileType = file.storyboard; path = Detail.storyboard; sourceTree = "<group>"; };
		9284EBCC26B9060000D752D2 /* DetailVC.swift */ = {isa = PBXFileReference; lastKnownFileType = sourcecode.swift; path = DetailVC.swift; sourceTree = "<group>"; };
		929D664626B7B28E00FAA0C0 /* FoodsDataModel.swift */ = {isa = PBXFileReference; lastKnownFileType = sourcecode.swift; path = FoodsDataModel.swift; sourceTree = "<group>"; };
		92CE7ABF26B53547005C13BD /* FoodD-day.app */ = {isa = PBXFileReference; explicitFileType = wrapper.application; includeInIndex = 0; path = "FoodD-day.app"; sourceTree = BUILT_PRODUCTS_DIR; };
		92CE7AC226B53547005C13BD /* AppDelegate.swift */ = {isa = PBXFileReference; lastKnownFileType = sourcecode.swift; path = AppDelegate.swift; sourceTree = "<group>"; };
		92CE7AC426B53547005C13BD /* SceneDelegate.swift */ = {isa = PBXFileReference; lastKnownFileType = sourcecode.swift; path = SceneDelegate.swift; sourceTree = "<group>"; };
		92CE7AC626B53547005C13BD /* MainVC.swift */ = {isa = PBXFileReference; lastKnownFileType = sourcecode.swift; path = MainVC.swift; sourceTree = "<group>"; };
		92CE7AC926B53547005C13BD /* Base */ = {isa = PBXFileReference; lastKnownFileType = file.storyboard; name = Base; path = Base.lproj/Main.storyboard; sourceTree = "<group>"; };
		92CE7ACB26B53548005C13BD /* Assets.xcassets */ = {isa = PBXFileReference; lastKnownFileType = folder.assetcatalog; path = Assets.xcassets; sourceTree = "<group>"; };
		92CE7ACE26B53548005C13BD /* Base */ = {isa = PBXFileReference; lastKnownFileType = file.storyboard; name = Base; path = Base.lproj/LaunchScreen.storyboard; sourceTree = "<group>"; };
		92CE7AD026B53548005C13BD /* Info.plist */ = {isa = PBXFileReference; lastKnownFileType = text.plist.xml; path = Info.plist; sourceTree = "<group>"; };
		92CE7AD826B58C4A005C13BD /* Mypage.storyboard */ = {isa = PBXFileReference; lastKnownFileType = file.storyboard; path = Mypage.storyboard; sourceTree = "<group>"; };
		92CE7ADA26B58C69005C13BD /* MypageVC.swift */ = {isa = PBXFileReference; lastKnownFileType = sourcecode.swift; path = MypageVC.swift; sourceTree = "<group>"; };
		92CE7ADC26B58F89005C13BD /* Share.storyboard */ = {isa = PBXFileReference; lastKnownFileType = file.storyboard; path = Share.storyboard; sourceTree = "<group>"; };
		92CE7ADE26B58F99005C13BD /* ShareVC.swift */ = {isa = PBXFileReference; lastKnownFileType = sourcecode.swift; path = ShareVC.swift; sourceTree = "<group>"; };
		92CE7AE026B59344005C13BD /* NaviController.swift */ = {isa = PBXFileReference; lastKnownFileType = sourcecode.swift; path = NaviController.swift; sourceTree = "<group>"; };
		92CE7AE226B5A7C3005C13BD /* FriendsTVC.swift */ = {isa = PBXFileReference; lastKnownFileType = sourcecode.swift; path = FriendsTVC.swift; sourceTree = "<group>"; };
		92CE7AE326B5A7C3005C13BD /* FriendsTVC.xib */ = {isa = PBXFileReference; lastKnownFileType = file.xib; path = FriendsTVC.xib; sourceTree = "<group>"; };
		92CE7AE926B5AA60005C13BD /* FriendsDataModel.swift */ = {isa = PBXFileReference; lastKnownFileType = sourcecode.swift; path = FriendsDataModel.swift; sourceTree = "<group>"; };
		92CE7AEC26B5ABD8005C13BD /* UIColor+.swift */ = {isa = PBXFileReference; lastKnownFileType = sourcecode.swift; path = "UIColor+.swift"; sourceTree = "<group>"; };
		92CE7AEE26B5ABE3005C13BD /* CALayer+.swift */ = {isa = PBXFileReference; lastKnownFileType = sourcecode.swift; path = "CALayer+.swift"; sourceTree = "<group>"; };
		92CE7AF126B5D210005C13BD /* FirstPopup.storyboard */ = {isa = PBXFileReference; lastKnownFileType = file.storyboard; path = FirstPopup.storyboard; sourceTree = "<group>"; };
		92CE7AF326B5D283005C13BD /* FirstPopupVC.swift */ = {isa = PBXFileReference; lastKnownFileType = sourcecode.swift; path = FirstPopupVC.swift; sourceTree = "<group>"; };
/* End PBXFileReference section */

/* Begin PBXFrameworksBuildPhase section */
		92CE7ABC26B53547005C13BD /* Frameworks */ = {
			isa = PBXFrameworksBuildPhase;
			buildActionMask = 2147483647;
			files = (
			);
			runOnlyForDeploymentPostprocessing = 0;
		};
/* End PBXFrameworksBuildPhase section */

/* Begin PBXGroup section */
		927D04FA26B6E07C0010EA3F /* Main */ = {
			isa = PBXGroup;
			children = (
				92CE7AC826B53547005C13BD /* Main.storyboard */,
				9284EBCA26B905EE00D752D2 /* Detail.storyboard */,
			);
			path = Main;
			sourceTree = "<group>";
		};
		927D04FB26B6E0F20010EA3F /* Base */ = {
			isa = PBXGroup;
			children = (
				92CE7AE026B59344005C13BD /* NaviController.swift */,
				927D04FD26B6E1280010EA3F /* TabbarController.swift */,
			);
			path = Base;
			sourceTree = "<group>";
		};
		927D04FC26B6E1050010EA3F /* Main */ = {
			isa = PBXGroup;
			children = (
				92CE7AC626B53547005C13BD /* MainVC.swift */,
				9284EBCC26B9060000D752D2 /* DetailVC.swift */,
			);
			path = Main;
			sourceTree = "<group>";
		};
		92CE7AB626B53547005C13BD = {
			isa = PBXGroup;
			children = (
				92CE7AC126B53547005C13BD /* FoodD-day */,
				92CE7AC026B53547005C13BD /* Products */,
			);
			sourceTree = "<group>";
		};
		92CE7AC026B53547005C13BD /* Products */ = {
			isa = PBXGroup;
			children = (
				92CE7ABF26B53547005C13BD /* FoodD-day.app */,
			);
			name = Products;
			sourceTree = "<group>";
		};
		92CE7AC126B53547005C13BD /* FoodD-day */ = {
			isa = PBXGroup;
			children = (
				92CE7AC226B53547005C13BD /* AppDelegate.swift */,
				92CE7AC426B53547005C13BD /* SceneDelegate.swift */,
				92CE7AD026B53548005C13BD /* Info.plist */,
				92CE7AD726B58C20005C13BD /* Sources */,
				92CE7AD626B58C17005C13BD /* Resources */,
			);
			path = "FoodD-day";
			sourceTree = "<group>";
		};
		92CE7AD626B58C17005C13BD /* Resources */ = {
			isa = PBXGroup;
			children = (
				927D04FA26B6E07C0010EA3F /* Main */,
				92CE7AF026B5D1D8005C13BD /* Mypage */,
				92CE7AEB26B5ABC1005C13BD /* Extensions */,
				92CE7ACB26B53548005C13BD /* Assets.xcassets */,
				92CE7ACD26B53548005C13BD /* LaunchScreen.storyboard */,
				927D04FF26B6E1F50010EA3F /* Tabbar.storyboard */,
			);
			path = Resources;
			sourceTree = "<group>";
		};
		92CE7AD726B58C20005C13BD /* Sources */ = {
			isa = PBXGroup;
			children = (
				92CE7AE826B5AA50005C13BD /* Models */,
				92CE7AE726B5A7D2005C13BD /* Cells */,
				92CE7AE626B5A7CA005C13BD /* VCs */,
			);
			path = Sources;
			sourceTree = "<group>";
		};
		92CE7AE626B5A7CA005C13BD /* VCs */ = {
			isa = PBXGroup;
			children = (
				927D04FC26B6E1050010EA3F /* Main */,
				927D04FB26B6E0F20010EA3F /* Base */,
				92CE7AF526B5D287005C13BD /* Mypage */,
			);
			path = VCs;
			sourceTree = "<group>";
		};
		92CE7AE726B5A7D2005C13BD /* Cells */ = {
			isa = PBXGroup;
			children = (
				92CE7AE226B5A7C3005C13BD /* FriendsTVC.swift */,
				92CE7AE326B5A7C3005C13BD /* FriendsTVC.xib */,
				9284EBBE26B8E23A00D752D2 /* CategoryCVC.swift */,
				9284EBBF26B8E23A00D752D2 /* CategoryCVC.xib */,
				9284EBC426B8E76300D752D2 /* FoodsTVC.swift */,
				9284EBC526B8E76300D752D2 /* FoodsTVC.xib */,
			);
			path = Cells;
			sourceTree = "<group>";
		};
		92CE7AE826B5AA50005C13BD /* Models */ = {
			isa = PBXGroup;
			children = (
				92CE7AE926B5AA60005C13BD /* FriendsDataModel.swift */,
				929D664626B7B28E00FAA0C0 /* FoodsDataModel.swift */,
				9284EBC826B8E82900D752D2 /* CategoryDataModel.swift */,
			);
			path = Models;
			sourceTree = "<group>";
		};
		92CE7AEB26B5ABC1005C13BD /* Extensions */ = {
			isa = PBXGroup;
			children = (
				92CE7AEC26B5ABD8005C13BD /* UIColor+.swift */,
				92CE7AEE26B5ABE3005C13BD /* CALayer+.swift */,
			);
			path = Extensions;
			sourceTree = "<group>";
		};
		92CE7AF026B5D1D8005C13BD /* Mypage */ = {
			isa = PBXGroup;
			children = (
				92CE7AD826B58C4A005C13BD /* Mypage.storyboard */,
				92CE7ADC26B58F89005C13BD /* Share.storyboard */,
				92CE7AF126B5D210005C13BD /* FirstPopup.storyboard */,
				927D04F626B6BCAB0010EA3F /* SecondPopup.storyboard */,
			);
			path = Mypage;
			sourceTree = "<group>";
		};
		92CE7AF526B5D287005C13BD /* Mypage */ = {
			isa = PBXGroup;
			children = (
				92CE7ADA26B58C69005C13BD /* MypageVC.swift */,
				92CE7ADE26B58F99005C13BD /* ShareVC.swift */,
				92CE7AF326B5D283005C13BD /* FirstPopupVC.swift */,
				927D04F826B6BCBB0010EA3F /* SecondPopupVC.swift */,
			);
			path = Mypage;
			sourceTree = "<group>";
		};
/* End PBXGroup section */

/* Begin PBXNativeTarget section */
		92CE7ABE26B53547005C13BD /* FoodD-day */ = {
			isa = PBXNativeTarget;
			buildConfigurationList = 92CE7AD326B53548005C13BD /* Build configuration list for PBXNativeTarget "FoodD-day" */;
			buildPhases = (
				92CE7ABB26B53547005C13BD /* Sources */,
				92CE7ABC26B53547005C13BD /* Frameworks */,
				92CE7ABD26B53547005C13BD /* Resources */,
			);
			buildRules = (
			);
			dependencies = (
			);
			name = "FoodD-day";
			productName = "FoodD-day";
			productReference = 92CE7ABF26B53547005C13BD /* FoodD-day.app */;
			productType = "com.apple.product-type.application";
		};
/* End PBXNativeTarget section */

/* Begin PBXProject section */
		92CE7AB726B53547005C13BD /* Project object */ = {
			isa = PBXProject;
			attributes = {
				LastSwiftUpdateCheck = 1250;
				LastUpgradeCheck = 1250;
				TargetAttributes = {
					92CE7ABE26B53547005C13BD = {
						CreatedOnToolsVersion = 12.5.1;
					};
				};
			};
			buildConfigurationList = 92CE7ABA26B53547005C13BD /* Build configuration list for PBXProject "FoodD-day" */;
			compatibilityVersion = "Xcode 9.3";
			developmentRegion = en;
			hasScannedForEncodings = 0;
			knownRegions = (
				en,
				Base,
			);
			mainGroup = 92CE7AB626B53547005C13BD;
			productRefGroup = 92CE7AC026B53547005C13BD /* Products */;
			projectDirPath = "";
			projectRoot = "";
			targets = (
				92CE7ABE26B53547005C13BD /* FoodD-day */,
			);
		};
/* End PBXProject section */

/* Begin PBXResourcesBuildPhase section */
		92CE7ABD26B53547005C13BD /* Resources */ = {
			isa = PBXResourcesBuildPhase;
			buildActionMask = 2147483647;
			files = (
				927D050026B6E1F50010EA3F /* Tabbar.storyboard in Resources */,
				92CE7ACF26B53548005C13BD /* LaunchScreen.storyboard in Resources */,
				9284EBC726B8E76300D752D2 /* FoodsTVC.xib in Resources */,
				92CE7AF226B5D210005C13BD /* FirstPopup.storyboard in Resources */,
				92CE7AE526B5A7C3005C13BD /* FriendsTVC.xib in Resources */,
				92CE7ADD26B58F89005C13BD /* Share.storyboard in Resources */,
				92CE7ACC26B53548005C13BD /* Assets.xcassets in Resources */,
				9284EBC126B8E23A00D752D2 /* CategoryCVC.xib in Resources */,
				927D04F726B6BCAB0010EA3F /* SecondPopup.storyboard in Resources */,
				92CE7ACA26B53547005C13BD /* Main.storyboard in Resources */,
				92CE7AD926B58C4A005C13BD /* Mypage.storyboard in Resources */,
				9284EBCB26B905EE00D752D2 /* Detail.storyboard in Resources */,
			);
			runOnlyForDeploymentPostprocessing = 0;
		};
/* End PBXResourcesBuildPhase section */

/* Begin PBXSourcesBuildPhase section */
		92CE7ABB26B53547005C13BD /* Sources */ = {
			isa = PBXSourcesBuildPhase;
			buildActionMask = 2147483647;
			files = (
				92CE7AC726B53547005C13BD /* MainVC.swift in Sources */,
				9284EBC926B8E82900D752D2 /* CategoryDataModel.swift in Sources */,
				9284EBC626B8E76300D752D2 /* FoodsTVC.swift in Sources */,
				92CE7AE126B59344005C13BD /* NaviController.swift in Sources */,
				92CE7ADB26B58C69005C13BD /* MypageVC.swift in Sources */,
				9284EBCD26B9060000D752D2 /* DetailVC.swift in Sources */,
				929D664726B7B28E00FAA0C0 /* FoodsDataModel.swift in Sources */,
				927D04FE26B6E1280010EA3F /* TabbarController.swift in Sources */,
				92CE7AEF26B5ABE3005C13BD /* CALayer+.swift in Sources */,
				92CE7AC326B53547005C13BD /* AppDelegate.swift in Sources */,
				92CE7AC526B53547005C13BD /* SceneDelegate.swift in Sources */,
				9284EBC026B8E23A00D752D2 /* CategoryCVC.swift in Sources */,
				92CE7AE426B5A7C3005C13BD /* FriendsTVC.swift in Sources */,
				92CE7AF426B5D283005C13BD /* FirstPopupVC.swift in Sources */,
				92CE7ADF26B58F99005C13BD /* ShareVC.swift in Sources */,
				92CE7AEA26B5AA60005C13BD /* FriendsDataModel.swift in Sources */,
				92CE7AED26B5ABD8005C13BD /* UIColor+.swift in Sources */,
				927D04F926B6BCBB0010EA3F /* SecondPopupVC.swift in Sources */,
			);
			runOnlyForDeploymentPostprocessing = 0;
		};
/* End PBXSourcesBuildPhase section */

/* Begin PBXVariantGroup section */
		92CE7AC826B53547005C13BD /* Main.storyboard */ = {
			isa = PBXVariantGroup;
			children = (
				92CE7AC926B53547005C13BD /* Base */,
			);
			name = Main.storyboard;
			sourceTree = "<group>";
		};
		92CE7ACD26B53548005C13BD /* LaunchScreen.storyboard */ = {
			isa = PBXVariantGroup;
			children = (
				92CE7ACE26B53548005C13BD /* Base */,
			);
			name = LaunchScreen.storyboard;
			sourceTree = "<group>";
		};
/* End PBXVariantGroup section */

/* Begin XCBuildConfiguration section */
		92CE7AD126B53548005C13BD /* Debug */ = {
			isa = XCBuildConfiguration;
			buildSettings = {
				ALWAYS_SEARCH_USER_PATHS = NO;
				CLANG_ANALYZER_NONNULL = YES;
				CLANG_ANALYZER_NUMBER_OBJECT_CONVERSION = YES_AGGRESSIVE;
				CLANG_CXX_LANGUAGE_STANDARD = "gnu++14";
				CLANG_CXX_LIBRARY = "libc++";
				CLANG_ENABLE_MODULES = YES;
				CLANG_ENABLE_OBJC_ARC = YES;
				CLANG_ENABLE_OBJC_WEAK = YES;
				CLANG_WARN_BLOCK_CAPTURE_AUTORELEASING = YES;
				CLANG_WARN_BOOL_CONVERSION = YES;
				CLANG_WARN_COMMA = YES;
				CLANG_WARN_CONSTANT_CONVERSION = YES;
				CLANG_WARN_DEPRECATED_OBJC_IMPLEMENTATIONS = YES;
				CLANG_WARN_DIRECT_OBJC_ISA_USAGE = YES_ERROR;
				CLANG_WARN_DOCUMENTATION_COMMENTS = YES;
				CLANG_WARN_EMPTY_BODY = YES;
				CLANG_WARN_ENUM_CONVERSION = YES;
				CLANG_WARN_INFINITE_RECURSION = YES;
				CLANG_WARN_INT_CONVERSION = YES;
				CLANG_WARN_NON_LITERAL_NULL_CONVERSION = YES;
				CLANG_WARN_OBJC_IMPLICIT_RETAIN_SELF = YES;
				CLANG_WARN_OBJC_LITERAL_CONVERSION = YES;
				CLANG_WARN_OBJC_ROOT_CLASS = YES_ERROR;
				CLANG_WARN_QUOTED_INCLUDE_IN_FRAMEWORK_HEADER = YES;
				CLANG_WARN_RANGE_LOOP_ANALYSIS = YES;
				CLANG_WARN_STRICT_PROTOTYPES = YES;
				CLANG_WARN_SUSPICIOUS_MOVE = YES;
				CLANG_WARN_UNGUARDED_AVAILABILITY = YES_AGGRESSIVE;
				CLANG_WARN_UNREACHABLE_CODE = YES;
				CLANG_WARN__DUPLICATE_METHOD_MATCH = YES;
				COPY_PHASE_STRIP = NO;
				DEBUG_INFORMATION_FORMAT = dwarf;
				ENABLE_STRICT_OBJC_MSGSEND = YES;
				ENABLE_TESTABILITY = YES;
				GCC_C_LANGUAGE_STANDARD = gnu11;
				GCC_DYNAMIC_NO_PIC = NO;
				GCC_NO_COMMON_BLOCKS = YES;
				GCC_OPTIMIZATION_LEVEL = 0;
				GCC_PREPROCESSOR_DEFINITIONS = (
					"DEBUG=1",
					"$(inherited)",
				);
				GCC_WARN_64_TO_32_BIT_CONVERSION = YES;
				GCC_WARN_ABOUT_RETURN_TYPE = YES_ERROR;
				GCC_WARN_UNDECLARED_SELECTOR = YES;
				GCC_WARN_UNINITIALIZED_AUTOS = YES_AGGRESSIVE;
				GCC_WARN_UNUSED_FUNCTION = YES;
				GCC_WARN_UNUSED_VARIABLE = YES;
				IPHONEOS_DEPLOYMENT_TARGET = 14.5;
				MTL_ENABLE_DEBUG_INFO = INCLUDE_SOURCE;
				MTL_FAST_MATH = YES;
				ONLY_ACTIVE_ARCH = YES;
				SDKROOT = iphoneos;
				SWIFT_ACTIVE_COMPILATION_CONDITIONS = DEBUG;
				SWIFT_OPTIMIZATION_LEVEL = "-Onone";
			};
			name = Debug;
		};
		92CE7AD226B53548005C13BD /* Release */ = {
			isa = XCBuildConfiguration;
			buildSettings = {
				ALWAYS_SEARCH_USER_PATHS = NO;
				CLANG_ANALYZER_NONNULL = YES;
				CLANG_ANALYZER_NUMBER_OBJECT_CONVERSION = YES_AGGRESSIVE;
				CLANG_CXX_LANGUAGE_STANDARD = "gnu++14";
				CLANG_CXX_LIBRARY = "libc++";
				CLANG_ENABLE_MODULES = YES;
				CLANG_ENABLE_OBJC_ARC = YES;
				CLANG_ENABLE_OBJC_WEAK = YES;
				CLANG_WARN_BLOCK_CAPTURE_AUTORELEASING = YES;
				CLANG_WARN_BOOL_CONVERSION = YES;
				CLANG_WARN_COMMA = YES;
				CLANG_WARN_CONSTANT_CONVERSION = YES;
				CLANG_WARN_DEPRECATED_OBJC_IMPLEMENTATIONS = YES;
				CLANG_WARN_DIRECT_OBJC_ISA_USAGE = YES_ERROR;
				CLANG_WARN_DOCUMENTATION_COMMENTS = YES;
				CLANG_WARN_EMPTY_BODY = YES;
				CLANG_WARN_ENUM_CONVERSION = YES;
				CLANG_WARN_INFINITE_RECURSION = YES;
				CLANG_WARN_INT_CONVERSION = YES;
				CLANG_WARN_NON_LITERAL_NULL_CONVERSION = YES;
				CLANG_WARN_OBJC_IMPLICIT_RETAIN_SELF = YES;
				CLANG_WARN_OBJC_LITERAL_CONVERSION = YES;
				CLANG_WARN_OBJC_ROOT_CLASS = YES_ERROR;
				CLANG_WARN_QUOTED_INCLUDE_IN_FRAMEWORK_HEADER = YES;
				CLANG_WARN_RANGE_LOOP_ANALYSIS = YES;
				CLANG_WARN_STRICT_PROTOTYPES = YES;
				CLANG_WARN_SUSPICIOUS_MOVE = YES;
				CLANG_WARN_UNGUARDED_AVAILABILITY = YES_AGGRESSIVE;
				CLANG_WARN_UNREACHABLE_CODE = YES;
				CLANG_WARN__DUPLICATE_METHOD_MATCH = YES;
				COPY_PHASE_STRIP = NO;
				DEBUG_INFORMATION_FORMAT = "dwarf-with-dsym";
				ENABLE_NS_ASSERTIONS = NO;
				ENABLE_STRICT_OBJC_MSGSEND = YES;
				GCC_C_LANGUAGE_STANDARD = gnu11;
				GCC_NO_COMMON_BLOCKS = YES;
				GCC_WARN_64_TO_32_BIT_CONVERSION = YES;
				GCC_WARN_ABOUT_RETURN_TYPE = YES_ERROR;
				GCC_WARN_UNDECLARED_SELECTOR = YES;
				GCC_WARN_UNINITIALIZED_AUTOS = YES_AGGRESSIVE;
				GCC_WARN_UNUSED_FUNCTION = YES;
				GCC_WARN_UNUSED_VARIABLE = YES;
				IPHONEOS_DEPLOYMENT_TARGET = 14.5;
				MTL_ENABLE_DEBUG_INFO = NO;
				MTL_FAST_MATH = YES;
				SDKROOT = iphoneos;
				SWIFT_COMPILATION_MODE = wholemodule;
				SWIFT_OPTIMIZATION_LEVEL = "-O";
				VALIDATE_PRODUCT = YES;
			};
			name = Release;
		};
		92CE7AD426B53548005C13BD /* Debug */ = {
			isa = XCBuildConfiguration;
			buildSettings = {
				ASSETCATALOG_COMPILER_APPICON_NAME = AppIcon;
				ASSETCATALOG_COMPILER_GLOBAL_ACCENT_COLOR_NAME = AccentColor;
				CODE_SIGN_STYLE = Automatic;
				INFOPLIST_FILE = "FoodD-day/Info.plist";
				LD_RUNPATH_SEARCH_PATHS = (
					"$(inherited)",
					"@executable_path/Frameworks",
				);
				PRODUCT_BUNDLE_IDENTIFIER = "soyeon.FoodD-day";
				PRODUCT_NAME = "$(TARGET_NAME)";
				SWIFT_VERSION = 5.0;
				TARGETED_DEVICE_FAMILY = "1,2";
			};
			name = Debug;
		};
		92CE7AD526B53548005C13BD /* Release */ = {
			isa = XCBuildConfiguration;
			buildSettings = {
				ASSETCATALOG_COMPILER_APPICON_NAME = AppIcon;
				ASSETCATALOG_COMPILER_GLOBAL_ACCENT_COLOR_NAME = AccentColor;
				CODE_SIGN_STYLE = Automatic;
				INFOPLIST_FILE = "FoodD-day/Info.plist";
				LD_RUNPATH_SEARCH_PATHS = (
					"$(inherited)",
					"@executable_path/Frameworks",
				);
				PRODUCT_BUNDLE_IDENTIFIER = "soyeon.FoodD-day";
				PRODUCT_NAME = "$(TARGET_NAME)";
				SWIFT_VERSION = 5.0;
				TARGETED_DEVICE_FAMILY = "1,2";
			};
			name = Release;
		};
/* End XCBuildConfiguration section */

/* Begin XCConfigurationList section */
		92CE7ABA26B53547005C13BD /* Build configuration list for PBXProject "FoodD-day" */ = {
			isa = XCConfigurationList;
			buildConfigurations = (
				92CE7AD126B53548005C13BD /* Debug */,
				92CE7AD226B53548005C13BD /* Release */,
			);
			defaultConfigurationIsVisible = 0;
			defaultConfigurationName = Release;
		};
		92CE7AD326B53548005C13BD /* Build configuration list for PBXNativeTarget "FoodD-day" */ = {
			isa = XCConfigurationList;
			buildConfigurations = (
				92CE7AD426B53548005C13BD /* Debug */,
				92CE7AD526B53548005C13BD /* Release */,
			);
			defaultConfigurationIsVisible = 0;
			defaultConfigurationName = Release;
		};
/* End XCConfigurationList section */
	};
	rootObject = 92CE7AB726B53547005C13BD /* Project object */;
}
