// !$*UTF8*$!
{
	archiveVersion = 1;
	classes = {
	};
	objectVersion = 52;
	objects = {

/* Begin PBXBuildFile section */
		922BE99426F2F90500B1E08D /* Date+Extension.swift in Sources */ = {isa = PBXBuildFile; fileRef = 922BE99326F2F90500B1E08D /* Date+Extension.swift */; };
		922BE99626F2FB1200B1E08D /* UIScreen+Extension.swift in Sources */ = {isa = PBXBuildFile; fileRef = 922BE99526F2FB1200B1E08D /* UIScreen+Extension.swift */; };
		922BE9AF26F305CC00B1E08D /* Calendar.storyboard in Resources */ = {isa = PBXBuildFile; fileRef = 922BE9AE26F305CC00B1E08D /* Calendar.storyboard */; };
		922BE9B126F305FC00B1E08D /* CalendarVC.swift in Sources */ = {isa = PBXBuildFile; fileRef = 922BE9B026F305FC00B1E08D /* CalendarVC.swift */; };
		922BE9B326F3077700B1E08D /* DayCell.swift in Sources */ = {isa = PBXBuildFile; fileRef = 922BE9B226F3077700B1E08D /* DayCell.swift */; };
		922BE9CB26F3447800B1E08D /* String+Extension.swift in Sources */ = {isa = PBXBuildFile; fileRef = 922BE9CA26F3447800B1E08D /* String+Extension.swift */; };
		922BE9D826F3577600B1E08D /* FSCalendar in Frameworks */ = {isa = PBXBuildFile; productRef = 922BE9D726F3577600B1E08D /* FSCalendar */; };
		922BE9DA26F3585A00B1E08D /* FSCalendarVC.swift in Sources */ = {isa = PBXBuildFile; fileRef = 922BE9D926F3585A00B1E08D /* FSCalendarVC.swift */; };
		92536F8426F39ECA00869F26 /* MacoCalendarVC.swift in Sources */ = {isa = PBXBuildFile; fileRef = 92536F8326F39ECA00869F26 /* MacoCalendarVC.swift */; };
		92536F8626F39ED900869F26 /* UIColor+Extension.swift in Sources */ = {isa = PBXBuildFile; fileRef = 92536F8526F39ED900869F26 /* UIColor+Extension.swift */; };
		92536F8826F39F8800869F26 /* Colors.xcassets in Resources */ = {isa = PBXBuildFile; fileRef = 92536F8726F39F8800869F26 /* Colors.xcassets */; };
		92536F8A26F3A35800869F26 /* UIView+Extension.swift in Sources */ = {isa = PBXBuildFile; fileRef = 92536F8926F3A35800869F26 /* UIView+Extension.swift */; };
		92536F8C26F3A55700869F26 /* MacoCalendarCell.swift in Sources */ = {isa = PBXBuildFile; fileRef = 92536F8B26F3A55700869F26 /* MacoCalendarCell.swift */; };
		92536F8F26F3A60400869F26 /* SnapKit in Frameworks */ = {isa = PBXBuildFile; productRef = 92536F8E26F3A60400869F26 /* SnapKit */; };
		92536F9126F3A6A200869F26 /* UIDevice+Extension.swift in Sources */ = {isa = PBXBuildFile; fileRef = 92536F9026F3A6A200869F26 /* UIDevice+Extension.swift */; };
		92536F9326F3A76E00869F26 /* UIStackView+Extension.swift in Sources */ = {isa = PBXBuildFile; fileRef = 92536F9226F3A76E00869F26 /* UIStackView+Extension.swift */; };
		92DCF2FC26F26EE800A30F4D /* AppDelegate.swift in Sources */ = {isa = PBXBuildFile; fileRef = 92DCF2FB26F26EE800A30F4D /* AppDelegate.swift */; };
		92DCF2FE26F26EE800A30F4D /* SceneDelegate.swift in Sources */ = {isa = PBXBuildFile; fileRef = 92DCF2FD26F26EE800A30F4D /* SceneDelegate.swift */; };
		92DCF30526F26EEA00A30F4D /* Assets.xcassets in Resources */ = {isa = PBXBuildFile; fileRef = 92DCF30426F26EEA00A30F4D /* Assets.xcassets */; };
		92DCF30826F26EEA00A30F4D /* LaunchScreen.storyboard in Resources */ = {isa = PBXBuildFile; fileRef = 92DCF30626F26EEA00A30F4D /* LaunchScreen.storyboard */; };
/* End PBXBuildFile section */

/* Begin PBXFileReference section */
		922BE99326F2F90500B1E08D /* Date+Extension.swift */ = {isa = PBXFileReference; lastKnownFileType = sourcecode.swift; path = "Date+Extension.swift"; sourceTree = "<group>"; };
		922BE99526F2FB1200B1E08D /* UIScreen+Extension.swift */ = {isa = PBXFileReference; lastKnownFileType = sourcecode.swift; path = "UIScreen+Extension.swift"; sourceTree = "<group>"; };
		922BE9AE26F305CC00B1E08D /* Calendar.storyboard */ = {isa = PBXFileReference; lastKnownFileType = file.storyboard; path = Calendar.storyboard; sourceTree = "<group>"; };
		922BE9B026F305FC00B1E08D /* CalendarVC.swift */ = {isa = PBXFileReference; lastKnownFileType = sourcecode.swift; path = CalendarVC.swift; sourceTree = "<group>"; };
		922BE9B226F3077700B1E08D /* DayCell.swift */ = {isa = PBXFileReference; lastKnownFileType = sourcecode.swift; path = DayCell.swift; sourceTree = "<group>"; };
		922BE9CA26F3447800B1E08D /* String+Extension.swift */ = {isa = PBXFileReference; lastKnownFileType = sourcecode.swift; path = "String+Extension.swift"; sourceTree = "<group>"; };
		922BE9D926F3585A00B1E08D /* FSCalendarVC.swift */ = {isa = PBXFileReference; lastKnownFileType = sourcecode.swift; path = FSCalendarVC.swift; sourceTree = "<group>"; };
		92536F8326F39ECA00869F26 /* MacoCalendarVC.swift */ = {isa = PBXFileReference; lastKnownFileType = sourcecode.swift; path = MacoCalendarVC.swift; sourceTree = "<group>"; };
		92536F8526F39ED900869F26 /* UIColor+Extension.swift */ = {isa = PBXFileReference; lastKnownFileType = sourcecode.swift; path = "UIColor+Extension.swift"; sourceTree = "<group>"; };
		92536F8726F39F8800869F26 /* Colors.xcassets */ = {isa = PBXFileReference; lastKnownFileType = folder.assetcatalog; path = Colors.xcassets; sourceTree = "<group>"; };
		92536F8926F3A35800869F26 /* UIView+Extension.swift */ = {isa = PBXFileReference; lastKnownFileType = sourcecode.swift; path = "UIView+Extension.swift"; sourceTree = "<group>"; };
		92536F8B26F3A55700869F26 /* MacoCalendarCell.swift */ = {isa = PBXFileReference; fileEncoding = 4; lastKnownFileType = sourcecode.swift; path = MacoCalendarCell.swift; sourceTree = "<group>"; };
		92536F9026F3A6A200869F26 /* UIDevice+Extension.swift */ = {isa = PBXFileReference; fileEncoding = 4; lastKnownFileType = sourcecode.swift; path = "UIDevice+Extension.swift"; sourceTree = "<group>"; };
		92536F9226F3A76E00869F26 /* UIStackView+Extension.swift */ = {isa = PBXFileReference; lastKnownFileType = sourcecode.swift; path = "UIStackView+Extension.swift"; sourceTree = "<group>"; };
		92DCF2F826F26EE800A30F4D /* CustomCalendar.app */ = {isa = PBXFileReference; explicitFileType = wrapper.application; includeInIndex = 0; path = CustomCalendar.app; sourceTree = BUILT_PRODUCTS_DIR; };
		92DCF2FB26F26EE800A30F4D /* AppDelegate.swift */ = {isa = PBXFileReference; lastKnownFileType = sourcecode.swift; path = AppDelegate.swift; sourceTree = "<group>"; };
		92DCF2FD26F26EE800A30F4D /* SceneDelegate.swift */ = {isa = PBXFileReference; lastKnownFileType = sourcecode.swift; path = SceneDelegate.swift; sourceTree = "<group>"; };
		92DCF30426F26EEA00A30F4D /* Assets.xcassets */ = {isa = PBXFileReference; lastKnownFileType = folder.assetcatalog; path = Assets.xcassets; sourceTree = "<group>"; };
		92DCF30726F26EEA00A30F4D /* Base */ = {isa = PBXFileReference; lastKnownFileType = file.storyboard; name = Base; path = Base.lproj/LaunchScreen.storyboard; sourceTree = "<group>"; };
		92DCF30926F26EEA00A30F4D /* Info.plist */ = {isa = PBXFileReference; lastKnownFileType = text.plist.xml; path = Info.plist; sourceTree = "<group>"; };
/* End PBXFileReference section */

/* Begin PBXFrameworksBuildPhase section */
		92DCF2F526F26EE800A30F4D /* Frameworks */ = {
			isa = PBXFrameworksBuildPhase;
			buildActionMask = 2147483647;
			files = (
				922BE9D826F3577600B1E08D /* FSCalendar in Frameworks */,
				92536F8F26F3A60400869F26 /* SnapKit in Frameworks */,
			);
			runOnlyForDeploymentPostprocessing = 0;
		};
/* End PBXFrameworksBuildPhase section */

/* Begin PBXGroup section */
		922BE99026F2F72E00B1E08D /* Sources */ = {
			isa = PBXGroup;
			children = (
				922BE9A326F2FCD600B1E08D /* Views */,
				922BE99826F2FC7F00B1E08D /* Cells */,
				922BE99726F2FC7800B1E08D /* VCs */,
			);
			path = Sources;
			sourceTree = "<group>";
		};
		922BE99126F2F73600B1E08D /* Resources */ = {
			isa = PBXGroup;
			children = (
				922BE99226F2F8F400B1E08D /* Extensions */,
				92DCF30426F26EEA00A30F4D /* Assets.xcassets */,
				92536F8726F39F8800869F26 /* Colors.xcassets */,
				92DCF30626F26EEA00A30F4D /* LaunchScreen.storyboard */,
				922BE9AE26F305CC00B1E08D /* Calendar.storyboard */,
			);
			path = Resources;
			sourceTree = "<group>";
		};
		922BE99226F2F8F400B1E08D /* Extensions */ = {
			isa = PBXGroup;
			children = (
				92536F9026F3A6A200869F26 /* UIDevice+Extension.swift */,
				922BE99526F2FB1200B1E08D /* UIScreen+Extension.swift */,
				922BE99326F2F90500B1E08D /* Date+Extension.swift */,
				922BE9CA26F3447800B1E08D /* String+Extension.swift */,
				92536F8526F39ED900869F26 /* UIColor+Extension.swift */,
				92536F8926F3A35800869F26 /* UIView+Extension.swift */,
				92536F9226F3A76E00869F26 /* UIStackView+Extension.swift */,
			);
			path = Extensions;
			sourceTree = "<group>";
		};
		922BE99726F2FC7800B1E08D /* VCs */ = {
			isa = PBXGroup;
			children = (
				92536F8226F3981600869F26 /* FSCalendar */,
				922BE9C626F343ED00B1E08D /* Basic */,
			);
			path = VCs;
			sourceTree = "<group>";
		};
		922BE99826F2FC7F00B1E08D /* Cells */ = {
			isa = PBXGroup;
			children = (
				92536F8B26F3A55700869F26 /* MacoCalendarCell.swift */,
				922BE9C726F343F500B1E08D /* Basic */,
			);
			path = Cells;
			sourceTree = "<group>";
		};
		922BE9A326F2FCD600B1E08D /* Views */ = {
			isa = PBXGroup;
			children = (
			);
			path = Views;
			sourceTree = "<group>";
		};
		922BE9C626F343ED00B1E08D /* Basic */ = {
			isa = PBXGroup;
			children = (
				922BE9B026F305FC00B1E08D /* CalendarVC.swift */,
			);
			path = Basic;
			sourceTree = "<group>";
		};
		922BE9C726F343F500B1E08D /* Basic */ = {
			isa = PBXGroup;
			children = (
				922BE9B226F3077700B1E08D /* DayCell.swift */,
			);
			path = Basic;
			sourceTree = "<group>";
		};
		92536F8226F3981600869F26 /* FSCalendar */ = {
			isa = PBXGroup;
			children = (
				922BE9D926F3585A00B1E08D /* FSCalendarVC.swift */,
				92536F8326F39ECA00869F26 /* MacoCalendarVC.swift */,
			);
			path = FSCalendar;
			sourceTree = "<group>";
		};
		92DCF2EF26F26EE700A30F4D = {
			isa = PBXGroup;
			children = (
				92DCF2FA26F26EE800A30F4D /* CustomCalendar */,
				92DCF2F926F26EE800A30F4D /* Products */,
			);
			sourceTree = "<group>";
		};
		92DCF2F926F26EE800A30F4D /* Products */ = {
			isa = PBXGroup;
			children = (
				92DCF2F826F26EE800A30F4D /* CustomCalendar.app */,
			);
			name = Products;
			sourceTree = "<group>";
		};
		92DCF2FA26F26EE800A30F4D /* CustomCalendar */ = {
			isa = PBXGroup;
			children = (
				92DCF2FB26F26EE800A30F4D /* AppDelegate.swift */,
				92DCF2FD26F26EE800A30F4D /* SceneDelegate.swift */,
				92DCF30926F26EEA00A30F4D /* Info.plist */,
				922BE99126F2F73600B1E08D /* Resources */,
				922BE99026F2F72E00B1E08D /* Sources */,
			);
			path = CustomCalendar;
			sourceTree = "<group>";
		};
/* End PBXGroup section */

/* Begin PBXNativeTarget section */
		92DCF2F726F26EE800A30F4D /* CustomCalendar */ = {
			isa = PBXNativeTarget;
			buildConfigurationList = 92DCF30C26F26EEA00A30F4D /* Build configuration list for PBXNativeTarget "CustomCalendar" */;
			buildPhases = (
				92DCF2F426F26EE800A30F4D /* Sources */,
				92DCF2F526F26EE800A30F4D /* Frameworks */,
				92DCF2F626F26EE800A30F4D /* Resources */,
			);
			buildRules = (
			);
			dependencies = (
			);
			name = CustomCalendar;
			packageProductDependencies = (
				922BE9D726F3577600B1E08D /* FSCalendar */,
				92536F8E26F3A60400869F26 /* SnapKit */,
			);
			productName = CustomCalendar;
			productReference = 92DCF2F826F26EE800A30F4D /* CustomCalendar.app */;
			productType = "com.apple.product-type.application";
		};
/* End PBXNativeTarget section */

/* Begin PBXProject section */
		92DCF2F026F26EE700A30F4D /* Project object */ = {
			isa = PBXProject;
			attributes = {
				LastSwiftUpdateCheck = 1250;
				LastUpgradeCheck = 1250;
				TargetAttributes = {
					92DCF2F726F26EE800A30F4D = {
						CreatedOnToolsVersion = 12.5.1;
					};
				};
			};
			buildConfigurationList = 92DCF2F326F26EE700A30F4D /* Build configuration list for PBXProject "CustomCalendar" */;
			compatibilityVersion = "Xcode 9.3";
			developmentRegion = en;
			hasScannedForEncodings = 0;
			knownRegions = (
				en,
				Base,
			);
			mainGroup = 92DCF2EF26F26EE700A30F4D;
			packageReferences = (
				922BE9D626F3577600B1E08D /* XCRemoteSwiftPackageReference "FSCalendar" */,
				92536F8D26F3A60400869F26 /* XCRemoteSwiftPackageReference "SnapKit" */,
			);
			productRefGroup = 92DCF2F926F26EE800A30F4D /* Products */;
			projectDirPath = "";
			projectRoot = "";
			targets = (
				92DCF2F726F26EE800A30F4D /* CustomCalendar */,
			);
		};
/* End PBXProject section */

/* Begin PBXResourcesBuildPhase section */
		92DCF2F626F26EE800A30F4D /* Resources */ = {
			isa = PBXResourcesBuildPhase;
			buildActionMask = 2147483647;
			files = (
				922BE9AF26F305CC00B1E08D /* Calendar.storyboard in Resources */,
				92536F8826F39F8800869F26 /* Colors.xcassets in Resources */,
				92DCF30826F26EEA00A30F4D /* LaunchScreen.storyboard in Resources */,
				92DCF30526F26EEA00A30F4D /* Assets.xcassets in Resources */,
			);
			runOnlyForDeploymentPostprocessing = 0;
		};
/* End PBXResourcesBuildPhase section */

/* Begin PBXSourcesBuildPhase section */
		92DCF2F426F26EE800A30F4D /* Sources */ = {
			isa = PBXSourcesBuildPhase;
			buildActionMask = 2147483647;
			files = (
				92536F9126F3A6A200869F26 /* UIDevice+Extension.swift in Sources */,
				92536F9326F3A76E00869F26 /* UIStackView+Extension.swift in Sources */,
				92536F8A26F3A35800869F26 /* UIView+Extension.swift in Sources */,
				922BE99626F2FB1200B1E08D /* UIScreen+Extension.swift in Sources */,
				922BE9DA26F3585A00B1E08D /* FSCalendarVC.swift in Sources */,
				922BE9B126F305FC00B1E08D /* CalendarVC.swift in Sources */,
				922BE9B326F3077700B1E08D /* DayCell.swift in Sources */,
				92DCF2FC26F26EE800A30F4D /* AppDelegate.swift in Sources */,
				92DCF2FE26F26EE800A30F4D /* SceneDelegate.swift in Sources */,
				92536F8C26F3A55700869F26 /* MacoCalendarCell.swift in Sources */,
				922BE9CB26F3447800B1E08D /* String+Extension.swift in Sources */,
				92536F8426F39ECA00869F26 /* MacoCalendarVC.swift in Sources */,
				922BE99426F2F90500B1E08D /* Date+Extension.swift in Sources */,
				92536F8626F39ED900869F26 /* UIColor+Extension.swift in Sources */,
			);
			runOnlyForDeploymentPostprocessing = 0;
		};
/* End PBXSourcesBuildPhase section */

/* Begin PBXVariantGroup section */
		92DCF30626F26EEA00A30F4D /* LaunchScreen.storyboard */ = {
			isa = PBXVariantGroup;
			children = (
				92DCF30726F26EEA00A30F4D /* Base */,
			);
			name = LaunchScreen.storyboard;
			sourceTree = "<group>";
		};
/* End PBXVariantGroup section */

/* Begin XCBuildConfiguration section */
		92DCF30A26F26EEA00A30F4D /* Debug */ = {
			isa = XCBuildConfiguration;
			buildSettings = {
				ALWAYS_SEARCH_USER_PATHS = NO;
				CLANG_ANALYZER_NONNULL = YES;
				CLANG_ANALYZER_NUMBER_OBJECT_CONVERSION = YES_AGGRESSIVE;
				CLANG_CXX_LANGUAGE_STANDARD = "gnu++14";
				CLANG_CXX_LIBRARY = "libc++";
				CLANG_ENABLE_MODULES = YES;
				CLANG_ENABLE_OBJC_ARC = YES;
				CLANG_ENABLE_OBJC_WEAK = YES;
				CLANG_WARN_BLOCK_CAPTURE_AUTORELEASING = YES;
				CLANG_WARN_BOOL_CONVERSION = YES;
				CLANG_WARN_COMMA = YES;
				CLANG_WARN_CONSTANT_CONVERSION = YES;
				CLANG_WARN_DEPRECATED_OBJC_IMPLEMENTATIONS = YES;
				CLANG_WARN_DIRECT_OBJC_ISA_USAGE = YES_ERROR;
				CLANG_WARN_DOCUMENTATION_COMMENTS = YES;
				CLANG_WARN_EMPTY_BODY = YES;
				CLANG_WARN_ENUM_CONVERSION = YES;
				CLANG_WARN_INFINITE_RECURSION = YES;
				CLANG_WARN_INT_CONVERSION = YES;
				CLANG_WARN_NON_LITERAL_NULL_CONVERSION = YES;
				CLANG_WARN_OBJC_IMPLICIT_RETAIN_SELF = YES;
				CLANG_WARN_OBJC_LITERAL_CONVERSION = YES;
				CLANG_WARN_OBJC_ROOT_CLASS = YES_ERROR;
				CLANG_WARN_QUOTED_INCLUDE_IN_FRAMEWORK_HEADER = YES;
				CLANG_WARN_RANGE_LOOP_ANALYSIS = YES;
				CLANG_WARN_STRICT_PROTOTYPES = YES;
				CLANG_WARN_SUSPICIOUS_MOVE = YES;
				CLANG_WARN_UNGUARDED_AVAILABILITY = YES_AGGRESSIVE;
				CLANG_WARN_UNREACHABLE_CODE = YES;
				CLANG_WARN__DUPLICATE_METHOD_MATCH = YES;
				COPY_PHASE_STRIP = NO;
				DEBUG_INFORMATION_FORMAT = dwarf;
				ENABLE_STRICT_OBJC_MSGSEND = YES;
				ENABLE_TESTABILITY = YES;
				GCC_C_LANGUAGE_STANDARD = gnu11;
				GCC_DYNAMIC_NO_PIC = NO;
				GCC_NO_COMMON_BLOCKS = YES;
				GCC_OPTIMIZATION_LEVEL = 0;
				GCC_PREPROCESSOR_DEFINITIONS = (
					"DEBUG=1",
					"$(inherited)",
				);
				GCC_WARN_64_TO_32_BIT_CONVERSION = YES;
				GCC_WARN_ABOUT_RETURN_TYPE = YES_ERROR;
				GCC_WARN_UNDECLARED_SELECTOR = YES;
				GCC_WARN_UNINITIALIZED_AUTOS = YES_AGGRESSIVE;
				GCC_WARN_UNUSED_FUNCTION = YES;
				GCC_WARN_UNUSED_VARIABLE = YES;
				IPHONEOS_DEPLOYMENT_TARGET = 14.5;
				MTL_ENABLE_DEBUG_INFO = INCLUDE_SOURCE;
				MTL_FAST_MATH = YES;
				ONLY_ACTIVE_ARCH = YES;
				SDKROOT = iphoneos;
				SWIFT_ACTIVE_COMPILATION_CONDITIONS = DEBUG;
				SWIFT_OPTIMIZATION_LEVEL = "-Onone";
			};
			name = Debug;
		};
		92DCF30B26F26EEA00A30F4D /* Release */ = {
			isa = XCBuildConfiguration;
			buildSettings = {
				ALWAYS_SEARCH_USER_PATHS = NO;
				CLANG_ANALYZER_NONNULL = YES;
				CLANG_ANALYZER_NUMBER_OBJECT_CONVERSION = YES_AGGRESSIVE;
				CLANG_CXX_LANGUAGE_STANDARD = "gnu++14";
				CLANG_CXX_LIBRARY = "libc++";
				CLANG_ENABLE_MODULES = YES;
				CLANG_ENABLE_OBJC_ARC = YES;
				CLANG_ENABLE_OBJC_WEAK = YES;
				CLANG_WARN_BLOCK_CAPTURE_AUTORELEASING = YES;
				CLANG_WARN_BOOL_CONVERSION = YES;
				CLANG_WARN_COMMA = YES;
				CLANG_WARN_CONSTANT_CONVERSION = YES;
				CLANG_WARN_DEPRECATED_OBJC_IMPLEMENTATIONS = YES;
				CLANG_WARN_DIRECT_OBJC_ISA_USAGE = YES_ERROR;
				CLANG_WARN_DOCUMENTATION_COMMENTS = YES;
				CLANG_WARN_EMPTY_BODY = YES;
				CLANG_WARN_ENUM_CONVERSION = YES;
				CLANG_WARN_INFINITE_RECURSION = YES;
				CLANG_WARN_INT_CONVERSION = YES;
				CLANG_WARN_NON_LITERAL_NULL_CONVERSION = YES;
				CLANG_WARN_OBJC_IMPLICIT_RETAIN_SELF = YES;
				CLANG_WARN_OBJC_LITERAL_CONVERSION = YES;
				CLANG_WARN_OBJC_ROOT_CLASS = YES_ERROR;
				CLANG_WARN_QUOTED_INCLUDE_IN_FRAMEWORK_HEADER = YES;
				CLANG_WARN_RANGE_LOOP_ANALYSIS = YES;
				CLANG_WARN_STRICT_PROTOTYPES = YES;
				CLANG_WARN_SUSPICIOUS_MOVE = YES;
				CLANG_WARN_UNGUARDED_AVAILABILITY = YES_AGGRESSIVE;
				CLANG_WARN_UNREACHABLE_CODE = YES;
				CLANG_WARN__DUPLICATE_METHOD_MATCH = YES;
				COPY_PHASE_STRIP = NO;
				DEBUG_INFORMATION_FORMAT = "dwarf-with-dsym";
				ENABLE_NS_ASSERTIONS = NO;
				ENABLE_STRICT_OBJC_MSGSEND = YES;
				GCC_C_LANGUAGE_STANDARD = gnu11;
				GCC_NO_COMMON_BLOCKS = YES;
				GCC_WARN_64_TO_32_BIT_CONVERSION = YES;
				GCC_WARN_ABOUT_RETURN_TYPE = YES_ERROR;
				GCC_WARN_UNDECLARED_SELECTOR = YES;
				GCC_WARN_UNINITIALIZED_AUTOS = YES_AGGRESSIVE;
				GCC_WARN_UNUSED_FUNCTION = YES;
				GCC_WARN_UNUSED_VARIABLE = YES;
				IPHONEOS_DEPLOYMENT_TARGET = 14.5;
				MTL_ENABLE_DEBUG_INFO = NO;
				MTL_FAST_MATH = YES;
				SDKROOT = iphoneos;
				SWIFT_COMPILATION_MODE = wholemodule;
				SWIFT_OPTIMIZATION_LEVEL = "-O";
				VALIDATE_PRODUCT = YES;
			};
			name = Release;
		};
		92DCF30D26F26EEA00A30F4D /* Debug */ = {
			isa = XCBuildConfiguration;
			buildSettings = {
				ASSETCATALOG_COMPILER_APPICON_NAME = AppIcon;
				ASSETCATALOG_COMPILER_GLOBAL_ACCENT_COLOR_NAME = AccentColor;
				CODE_SIGN_STYLE = Automatic;
				DEVELOPMENT_TEAM = PU64TS56AD;
				INFOPLIST_FILE = CustomCalendar/Info.plist;
				LD_RUNPATH_SEARCH_PATHS = (
					"$(inherited)",
					"@executable_path/Frameworks",
				);
				PRODUCT_BUNDLE_IDENTIFIER = soyeon.CustomCalendar;
				PRODUCT_NAME = "$(TARGET_NAME)";
				SWIFT_VERSION = 5.0;
				TARGETED_DEVICE_FAMILY = "1,2";
			};
			name = Debug;
		};
		92DCF30E26F26EEA00A30F4D /* Release */ = {
			isa = XCBuildConfiguration;
			buildSettings = {
				ASSETCATALOG_COMPILER_APPICON_NAME = AppIcon;
				ASSETCATALOG_COMPILER_GLOBAL_ACCENT_COLOR_NAME = AccentColor;
				CODE_SIGN_STYLE = Automatic;
				DEVELOPMENT_TEAM = PU64TS56AD;
				INFOPLIST_FILE = CustomCalendar/Info.plist;
				LD_RUNPATH_SEARCH_PATHS = (
					"$(inherited)",
					"@executable_path/Frameworks",
				);
				PRODUCT_BUNDLE_IDENTIFIER = soyeon.CustomCalendar;
				PRODUCT_NAME = "$(TARGET_NAME)";
				SWIFT_VERSION = 5.0;
				TARGETED_DEVICE_FAMILY = "1,2";
			};
			name = Release;
		};
/* End XCBuildConfiguration section */

/* Begin XCConfigurationList section */
		92DCF2F326F26EE700A30F4D /* Build configuration list for PBXProject "CustomCalendar" */ = {
			isa = XCConfigurationList;
			buildConfigurations = (
				92DCF30A26F26EEA00A30F4D /* Debug */,
				92DCF30B26F26EEA00A30F4D /* Release */,
			);
			defaultConfigurationIsVisible = 0;
			defaultConfigurationName = Release;
		};
		92DCF30C26F26EEA00A30F4D /* Build configuration list for PBXNativeTarget "CustomCalendar" */ = {
			isa = XCConfigurationList;
			buildConfigurations = (
				92DCF30D26F26EEA00A30F4D /* Debug */,
				92DCF30E26F26EEA00A30F4D /* Release */,
			);
			defaultConfigurationIsVisible = 0;
			defaultConfigurationName = Release;
		};
/* End XCConfigurationList section */

/* Begin XCRemoteSwiftPackageReference section */
		922BE9D626F3577600B1E08D /* XCRemoteSwiftPackageReference "FSCalendar" */ = {
			isa = XCRemoteSwiftPackageReference;
			repositoryURL = "https://github.com/WenchaoD/FSCalendar.git";
			requirement = {
				kind = upToNextMajorVersion;
				minimumVersion = 2.8.2;
			};
		};
		92536F8D26F3A60400869F26 /* XCRemoteSwiftPackageReference "SnapKit" */ = {
			isa = XCRemoteSwiftPackageReference;
			repositoryURL = "https://github.com/SnapKit/SnapKit.git";
			requirement = {
				kind = upToNextMajorVersion;
				minimumVersion = 5.0.1;
			};
		};
/* End XCRemoteSwiftPackageReference section */

/* Begin XCSwiftPackageProductDependency section */
		922BE9D726F3577600B1E08D /* FSCalendar */ = {
			isa = XCSwiftPackageProductDependency;
			package = 922BE9D626F3577600B1E08D /* XCRemoteSwiftPackageReference "FSCalendar" */;
			productName = FSCalendar;
		};
		92536F8E26F3A60400869F26 /* SnapKit */ = {
			isa = XCSwiftPackageProductDependency;
			package = 92536F8D26F3A60400869F26 /* XCRemoteSwiftPackageReference "SnapKit" */;
			productName = SnapKit;
		};
/* End XCSwiftPackageProductDependency section */
	};
	rootObject = 92DCF2F026F26EE700A30F4D /* Project object */;
}
