// !$*UTF8*$!
{
	archiveVersion = 1;
	classes = {
	};
	objectVersion = 50;
	objects = {

/* Begin PBXBuildFile section */
		920849D926CE481000E2114A /* AppDelegate.swift in Sources */ = {isa = PBXBuildFile; fileRef = 920849D826CE481000E2114A /* AppDelegate.swift */; };
		920849DB26CE481000E2114A /* SceneDelegate.swift in Sources */ = {isa = PBXBuildFile; fileRef = 920849DA26CE481000E2114A /* SceneDelegate.swift */; };
		920849DD26CE481000E2114A /* ContentView.swift in Sources */ = {isa = PBXBuildFile; fileRef = 920849DC26CE481000E2114A /* ContentView.swift */; };
		920849DF26CE481100E2114A /* Assets.xcassets in Resources */ = {isa = PBXBuildFile; fileRef = 920849DE26CE481100E2114A /* Assets.xcassets */; };
		920849E226CE481100E2114A /* Preview Assets.xcassets in Resources */ = {isa = PBXBuildFile; fileRef = 920849E126CE481100E2114A /* Preview Assets.xcassets */; };
		920849E526CE481100E2114A /* LaunchScreen.storyboard in Resources */ = {isa = PBXBuildFile; fileRef = 920849E326CE481100E2114A /* LaunchScreen.storyboard */; };
		920849F326CE48F700E2114A /* WidgetKit.framework in Frameworks */ = {isa = PBXBuildFile; fileRef = 920849F226CE48F700E2114A /* WidgetKit.framework */; };
		920849F526CE48F700E2114A /* SwiftUI.framework in Frameworks */ = {isa = PBXBuildFile; fileRef = 920849F426CE48F700E2114A /* SwiftUI.framework */; };
		920849F826CE48F700E2114A /* BTC_App_Widget.swift in Sources */ = {isa = PBXBuildFile; fileRef = 920849F726CE48F700E2114A /* BTC_App_Widget.swift */; };
		920849FA26CE48F900E2114A /* Assets.xcassets in Resources */ = {isa = PBXBuildFile; fileRef = 920849F926CE48F900E2114A /* Assets.xcassets */; };
		920849FE26CE48F900E2114A /* BTC-App-WidgetExtension.appex in Embed App Extensions */ = {isa = PBXBuildFile; fileRef = 920849F026CE48F700E2114A /* BTC-App-WidgetExtension.appex */; settings = {ATTRIBUTES = (RemoveHeadersOnCopy, ); }; };
/* End PBXBuildFile section */

/* Begin PBXContainerItemProxy section */
		920849FC26CE48F900E2114A /* PBXContainerItemProxy */ = {
			isa = PBXContainerItemProxy;
			containerPortal = 920849CD26CE481000E2114A /* Project object */;
			proxyType = 1;
			remoteGlobalIDString = 920849EF26CE48F700E2114A;
			remoteInfo = "BTC-App-WidgetExtension";
		};
/* End PBXContainerItemProxy section */

/* Begin PBXCopyFilesBuildPhase section */
		92084A0226CE48F900E2114A /* Embed App Extensions */ = {
			isa = PBXCopyFilesBuildPhase;
			buildActionMask = 2147483647;
			dstPath = "";
			dstSubfolderSpec = 13;
			files = (
				920849FE26CE48F900E2114A /* BTC-App-WidgetExtension.appex in Embed App Extensions */,
			);
			name = "Embed App Extensions";
			runOnlyForDeploymentPostprocessing = 0;
		};
/* End PBXCopyFilesBuildPhase section */

/* Begin PBXFileReference section */
		920849D526CE481000E2114A /* BTC-App.app */ = {isa = PBXFileReference; explicitFileType = wrapper.application; includeInIndex = 0; path = "BTC-App.app"; sourceTree = BUILT_PRODUCTS_DIR; };
		920849D826CE481000E2114A /* AppDelegate.swift */ = {isa = PBXFileReference; lastKnownFileType = sourcecode.swift; path = AppDelegate.swift; sourceTree = "<group>"; };
		920849DA26CE481000E2114A /* SceneDelegate.swift */ = {isa = PBXFileReference; lastKnownFileType = sourcecode.swift; path = SceneDelegate.swift; sourceTree = "<group>"; };
		920849DC26CE481000E2114A /* ContentView.swift */ = {isa = PBXFileReference; lastKnownFileType = sourcecode.swift; path = ContentView.swift; sourceTree = "<group>"; };
		920849DE26CE481100E2114A /* Assets.xcassets */ = {isa = PBXFileReference; lastKnownFileType = folder.assetcatalog; path = Assets.xcassets; sourceTree = "<group>"; };
		920849E126CE481100E2114A /* Preview Assets.xcassets */ = {isa = PBXFileReference; lastKnownFileType = folder.assetcatalog; path = "Preview Assets.xcassets"; sourceTree = "<group>"; };
		920849E426CE481100E2114A /* Base */ = {isa = PBXFileReference; lastKnownFileType = file.storyboard; name = Base; path = Base.lproj/LaunchScreen.storyboard; sourceTree = "<group>"; };
		920849E626CE481100E2114A /* Info.plist */ = {isa = PBXFileReference; lastKnownFileType = text.plist.xml; path = Info.plist; sourceTree = "<group>"; };
		920849F026CE48F700E2114A /* BTC-App-WidgetExtension.appex */ = {isa = PBXFileReference; explicitFileType = "wrapper.app-extension"; includeInIndex = 0; path = "BTC-App-WidgetExtension.appex"; sourceTree = BUILT_PRODUCTS_DIR; };
		920849F226CE48F700E2114A /* WidgetKit.framework */ = {isa = PBXFileReference; lastKnownFileType = wrapper.framework; name = WidgetKit.framework; path = System/Library/Frameworks/WidgetKit.framework; sourceTree = SDKROOT; };
		920849F426CE48F700E2114A /* SwiftUI.framework */ = {isa = PBXFileReference; lastKnownFileType = wrapper.framework; name = SwiftUI.framework; path = System/Library/Frameworks/SwiftUI.framework; sourceTree = SDKROOT; };
		920849F726CE48F700E2114A /* BTC_App_Widget.swift */ = {isa = PBXFileReference; lastKnownFileType = sourcecode.swift; path = BTC_App_Widget.swift; sourceTree = "<group>"; };
		920849F926CE48F900E2114A /* Assets.xcassets */ = {isa = PBXFileReference; lastKnownFileType = folder.assetcatalog; path = Assets.xcassets; sourceTree = "<group>"; };
		920849FB26CE48F900E2114A /* Info.plist */ = {isa = PBXFileReference; lastKnownFileType = text.plist.xml; path = Info.plist; sourceTree = "<group>"; };
/* End PBXFileReference section */

/* Begin PBXFrameworksBuildPhase section */
		920849D226CE481000E2114A /* Frameworks */ = {
			isa = PBXFrameworksBuildPhase;
			buildActionMask = 2147483647;
			files = (
			);
			runOnlyForDeploymentPostprocessing = 0;
		};
		920849ED26CE48F700E2114A /* Frameworks */ = {
			isa = PBXFrameworksBuildPhase;
			buildActionMask = 2147483647;
			files = (
				920849F526CE48F700E2114A /* SwiftUI.framework in Frameworks */,
				920849F326CE48F700E2114A /* WidgetKit.framework in Frameworks */,
			);
			runOnlyForDeploymentPostprocessing = 0;
		};
/* End PBXFrameworksBuildPhase section */

/* Begin PBXGroup section */
		920849CC26CE481000E2114A = {
			isa = PBXGroup;
			children = (
				920849D726CE481000E2114A /* BTC-App */,
				920849F626CE48F700E2114A /* BTC-App-Widget */,
				920849F126CE48F700E2114A /* Frameworks */,
				920849D626CE481000E2114A /* Products */,
			);
			sourceTree = "<group>";
		};
		920849D626CE481000E2114A /* Products */ = {
			isa = PBXGroup;
			children = (
				920849D526CE481000E2114A /* BTC-App.app */,
				920849F026CE48F700E2114A /* BTC-App-WidgetExtension.appex */,
			);
			name = Products;
			sourceTree = "<group>";
		};
		920849D726CE481000E2114A /* BTC-App */ = {
			isa = PBXGroup;
			children = (
				920849D826CE481000E2114A /* AppDelegate.swift */,
				920849DA26CE481000E2114A /* SceneDelegate.swift */,
				920849DC26CE481000E2114A /* ContentView.swift */,
				920849DE26CE481100E2114A /* Assets.xcassets */,
				920849E326CE481100E2114A /* LaunchScreen.storyboard */,
				920849E626CE481100E2114A /* Info.plist */,
				920849E026CE481100E2114A /* Preview Content */,
			);
			path = "BTC-App";
			sourceTree = "<group>";
		};
		920849E026CE481100E2114A /* Preview Content */ = {
			isa = PBXGroup;
			children = (
				920849E126CE481100E2114A /* Preview Assets.xcassets */,
			);
			path = "Preview Content";
			sourceTree = "<group>";
		};
		920849F126CE48F700E2114A /* Frameworks */ = {
			isa = PBXGroup;
			children = (
				920849F226CE48F700E2114A /* WidgetKit.framework */,
				920849F426CE48F700E2114A /* SwiftUI.framework */,
			);
			name = Frameworks;
			sourceTree = "<group>";
		};
		920849F626CE48F700E2114A /* BTC-App-Widget */ = {
			isa = PBXGroup;
			children = (
				920849F726CE48F700E2114A /* BTC_App_Widget.swift */,
				920849F926CE48F900E2114A /* Assets.xcassets */,
				920849FB26CE48F900E2114A /* Info.plist */,
			);
			path = "BTC-App-Widget";
			sourceTree = "<group>";
		};
/* End PBXGroup section */

/* Begin PBXNativeTarget section */
		920849D426CE481000E2114A /* BTC-App */ = {
			isa = PBXNativeTarget;
			buildConfigurationList = 920849E926CE481100E2114A /* Build configuration list for PBXNativeTarget "BTC-App" */;
			buildPhases = (
				920849D126CE481000E2114A /* Sources */,
				920849D226CE481000E2114A /* Frameworks */,
				920849D326CE481000E2114A /* Resources */,
				92084A0226CE48F900E2114A /* Embed App Extensions */,
			);
			buildRules = (
			);
			dependencies = (
				920849FD26CE48F900E2114A /* PBXTargetDependency */,
			);
			name = "BTC-App";
			productName = "BTC-App";
			productReference = 920849D526CE481000E2114A /* BTC-App.app */;
			productType = "com.apple.product-type.application";
		};
		920849EF26CE48F700E2114A /* BTC-App-WidgetExtension */ = {
			isa = PBXNativeTarget;
			buildConfigurationList = 920849FF26CE48F900E2114A /* Build configuration list for PBXNativeTarget "BTC-App-WidgetExtension" */;
			buildPhases = (
				920849EC26CE48F700E2114A /* Sources */,
				920849ED26CE48F700E2114A /* Frameworks */,
				920849EE26CE48F700E2114A /* Resources */,
			);
			buildRules = (
			);
			dependencies = (
			);
			name = "BTC-App-WidgetExtension";
			productName = "BTC-App-WidgetExtension";
			productReference = 920849F026CE48F700E2114A /* BTC-App-WidgetExtension.appex */;
			productType = "com.apple.product-type.app-extension";
		};
/* End PBXNativeTarget section */

/* Begin PBXProject section */
		920849CD26CE481000E2114A /* Project object */ = {
			isa = PBXProject;
			attributes = {
				LastSwiftUpdateCheck = 1250;
				LastUpgradeCheck = 1250;
				TargetAttributes = {
					920849D426CE481000E2114A = {
						CreatedOnToolsVersion = 12.5.1;
					};
					920849EF26CE48F700E2114A = {
						CreatedOnToolsVersion = 12.5.1;
					};
				};
			};
			buildConfigurationList = 920849D026CE481000E2114A /* Build configuration list for PBXProject "BTC-App" */;
			compatibilityVersion = "Xcode 9.3";
			developmentRegion = en;
			hasScannedForEncodings = 0;
			knownRegions = (
				en,
				Base,
			);
			mainGroup = 920849CC26CE481000E2114A;
			productRefGroup = 920849D626CE481000E2114A /* Products */;
			projectDirPath = "";
			projectRoot = "";
			targets = (
				920849D426CE481000E2114A /* BTC-App */,
				920849EF26CE48F700E2114A /* BTC-App-WidgetExtension */,
			);
		};
/* End PBXProject section */

/* Begin PBXResourcesBuildPhase section */
		920849D326CE481000E2114A /* Resources */ = {
			isa = PBXResourcesBuildPhase;
			buildActionMask = 2147483647;
			files = (
				920849E526CE481100E2114A /* LaunchScreen.storyboard in Resources */,
				920849E226CE481100E2114A /* Preview Assets.xcassets in Resources */,
				920849DF26CE481100E2114A /* Assets.xcassets in Resources */,
			);
			runOnlyForDeploymentPostprocessing = 0;
		};
		920849EE26CE48F700E2114A /* Resources */ = {
			isa = PBXResourcesBuildPhase;
			buildActionMask = 2147483647;
			files = (
				920849FA26CE48F900E2114A /* Assets.xcassets in Resources */,
			);
			runOnlyForDeploymentPostprocessing = 0;
		};
/* End PBXResourcesBuildPhase section */

/* Begin PBXSourcesBuildPhase section */
		920849D126CE481000E2114A /* Sources */ = {
			isa = PBXSourcesBuildPhase;
			buildActionMask = 2147483647;
			files = (
				920849D926CE481000E2114A /* AppDelegate.swift in Sources */,
				920849DB26CE481000E2114A /* SceneDelegate.swift in Sources */,
				920849DD26CE481000E2114A /* ContentView.swift in Sources */,
			);
			runOnlyForDeploymentPostprocessing = 0;
		};
		920849EC26CE48F700E2114A /* Sources */ = {
			isa = PBXSourcesBuildPhase;
			buildActionMask = 2147483647;
			files = (
				920849F826CE48F700E2114A /* BTC_App_Widget.swift in Sources */,
			);
			runOnlyForDeploymentPostprocessing = 0;
		};
/* End PBXSourcesBuildPhase section */

/* Begin PBXTargetDependency section */
		920849FD26CE48F900E2114A /* PBXTargetDependency */ = {
			isa = PBXTargetDependency;
			target = 920849EF26CE48F700E2114A /* BTC-App-WidgetExtension */;
			targetProxy = 920849FC26CE48F900E2114A /* PBXContainerItemProxy */;
		};
/* End PBXTargetDependency section */

/* Begin PBXVariantGroup section */
		920849E326CE481100E2114A /* LaunchScreen.storyboard */ = {
			isa = PBXVariantGroup;
			children = (
				920849E426CE481100E2114A /* Base */,
			);
			name = LaunchScreen.storyboard;
			sourceTree = "<group>";
		};
/* End PBXVariantGroup section */

/* Begin XCBuildConfiguration section */
		920849E726CE481100E2114A /* Debug */ = {
			isa = XCBuildConfiguration;
			buildSettings = {
				ALWAYS_SEARCH_USER_PATHS = NO;
				CLANG_ANALYZER_NONNULL = YES;
				CLANG_ANALYZER_NUMBER_OBJECT_CONVERSION = YES_AGGRESSIVE;
				CLANG_CXX_LANGUAGE_STANDARD = "gnu++14";
				CLANG_CXX_LIBRARY = "libc++";
				CLANG_ENABLE_MODULES = YES;
				CLANG_ENABLE_OBJC_ARC = YES;
				CLANG_ENABLE_OBJC_WEAK = YES;
				CLANG_WARN_BLOCK_CAPTURE_AUTORELEASING = YES;
				CLANG_WARN_BOOL_CONVERSION = YES;
				CLANG_WARN_COMMA = YES;
				CLANG_WARN_CONSTANT_CONVERSION = YES;
				CLANG_WARN_DEPRECATED_OBJC_IMPLEMENTATIONS = YES;
				CLANG_WARN_DIRECT_OBJC_ISA_USAGE = YES_ERROR;
				CLANG_WARN_DOCUMENTATION_COMMENTS = YES;
				CLANG_WARN_EMPTY_BODY = YES;
				CLANG_WARN_ENUM_CONVERSION = YES;
				CLANG_WARN_INFINITE_RECURSION = YES;
				CLANG_WARN_INT_CONVERSION = YES;
				CLANG_WARN_NON_LITERAL_NULL_CONVERSION = YES;
				CLANG_WARN_OBJC_IMPLICIT_RETAIN_SELF = YES;
				CLANG_WARN_OBJC_LITERAL_CONVERSION = YES;
				CLANG_WARN_OBJC_ROOT_CLASS = YES_ERROR;
				CLANG_WARN_QUOTED_INCLUDE_IN_FRAMEWORK_HEADER = YES;
				CLANG_WARN_RANGE_LOOP_ANALYSIS = YES;
				CLANG_WARN_STRICT_PROTOTYPES = YES;
				CLANG_WARN_SUSPICIOUS_MOVE = YES;
				CLANG_WARN_UNGUARDED_AVAILABILITY = YES_AGGRESSIVE;
				CLANG_WARN_UNREACHABLE_CODE = YES;
				CLANG_WARN__DUPLICATE_METHOD_MATCH = YES;
				COPY_PHASE_STRIP = NO;
				DEBUG_INFORMATION_FORMAT = dwarf;
				ENABLE_STRICT_OBJC_MSGSEND = YES;
				ENABLE_TESTABILITY = YES;
				GCC_C_LANGUAGE_STANDARD = gnu11;
				GCC_DYNAMIC_NO_PIC = NO;
				GCC_NO_COMMON_BLOCKS = YES;
				GCC_OPTIMIZATION_LEVEL = 0;
				GCC_PREPROCESSOR_DEFINITIONS = (
					"DEBUG=1",
					"$(inherited)",
				);
				GCC_WARN_64_TO_32_BIT_CONVERSION = YES;
				GCC_WARN_ABOUT_RETURN_TYPE = YES_ERROR;
				GCC_WARN_UNDECLARED_SELECTOR = YES;
				GCC_WARN_UNINITIALIZED_AUTOS = YES_AGGRESSIVE;
				GCC_WARN_UNUSED_FUNCTION = YES;
				GCC_WARN_UNUSED_VARIABLE = YES;
				IPHONEOS_DEPLOYMENT_TARGET = 14.5;
				MTL_ENABLE_DEBUG_INFO = INCLUDE_SOURCE;
				MTL_FAST_MATH = YES;
				ONLY_ACTIVE_ARCH = YES;
				SDKROOT = iphoneos;
				SWIFT_ACTIVE_COMPILATION_CONDITIONS = DEBUG;
				SWIFT_OPTIMIZATION_LEVEL = "-Onone";
			};
			name = Debug;
		};
		920849E826CE481100E2114A /* Release */ = {
			isa = XCBuildConfiguration;
			buildSettings = {
				ALWAYS_SEARCH_USER_PATHS = NO;
				CLANG_ANALYZER_NONNULL = YES;
				CLANG_ANALYZER_NUMBER_OBJECT_CONVERSION = YES_AGGRESSIVE;
				CLANG_CXX_LANGUAGE_STANDARD = "gnu++14";
				CLANG_CXX_LIBRARY = "libc++";
				CLANG_ENABLE_MODULES = YES;
				CLANG_ENABLE_OBJC_ARC = YES;
				CLANG_ENABLE_OBJC_WEAK = YES;
				CLANG_WARN_BLOCK_CAPTURE_AUTORELEASING = YES;
				CLANG_WARN_BOOL_CONVERSION = YES;
				CLANG_WARN_COMMA = YES;
				CLANG_WARN_CONSTANT_CONVERSION = YES;
				CLANG_WARN_DEPRECATED_OBJC_IMPLEMENTATIONS = YES;
				CLANG_WARN_DIRECT_OBJC_ISA_USAGE = YES_ERROR;
				CLANG_WARN_DOCUMENTATION_COMMENTS = YES;
				CLANG_WARN_EMPTY_BODY = YES;
				CLANG_WARN_ENUM_CONVERSION = YES;
				CLANG_WARN_INFINITE_RECURSION = YES;
				CLANG_WARN_INT_CONVERSION = YES;
				CLANG_WARN_NON_LITERAL_NULL_CONVERSION = YES;
				CLANG_WARN_OBJC_IMPLICIT_RETAIN_SELF = YES;
				CLANG_WARN_OBJC_LITERAL_CONVERSION = YES;
				CLANG_WARN_OBJC_ROOT_CLASS = YES_ERROR;
				CLANG_WARN_QUOTED_INCLUDE_IN_FRAMEWORK_HEADER = YES;
				CLANG_WARN_RANGE_LOOP_ANALYSIS = YES;
				CLANG_WARN_STRICT_PROTOTYPES = YES;
				CLANG_WARN_SUSPICIOUS_MOVE = YES;
				CLANG_WARN_UNGUARDED_AVAILABILITY = YES_AGGRESSIVE;
				CLANG_WARN_UNREACHABLE_CODE = YES;
				CLANG_WARN__DUPLICATE_METHOD_MATCH = YES;
				COPY_PHASE_STRIP = NO;
				DEBUG_INFORMATION_FORMAT = "dwarf-with-dsym";
				ENABLE_NS_ASSERTIONS = NO;
				ENABLE_STRICT_OBJC_MSGSEND = YES;
				GCC_C_LANGUAGE_STANDARD = gnu11;
				GCC_NO_COMMON_BLOCKS = YES;
				GCC_WARN_64_TO_32_BIT_CONVERSION = YES;
				GCC_WARN_ABOUT_RETURN_TYPE = YES_ERROR;
				GCC_WARN_UNDECLARED_SELECTOR = YES;
				GCC_WARN_UNINITIALIZED_AUTOS = YES_AGGRESSIVE;
				GCC_WARN_UNUSED_FUNCTION = YES;
				GCC_WARN_UNUSED_VARIABLE = YES;
				IPHONEOS_DEPLOYMENT_TARGET = 14.5;
				MTL_ENABLE_DEBUG_INFO = NO;
				MTL_FAST_MATH = YES;
				SDKROOT = iphoneos;
				SWIFT_COMPILATION_MODE = wholemodule;
				SWIFT_OPTIMIZATION_LEVEL = "-O";
				VALIDATE_PRODUCT = YES;
			};
			name = Release;
		};
		920849EA26CE481100E2114A /* Debug */ = {
			isa = XCBuildConfiguration;
			buildSettings = {
				ALWAYS_EMBED_SWIFT_STANDARD_LIBRARIES = YES;
				ASSETCATALOG_COMPILER_APPICON_NAME = AppIcon;
				ASSETCATALOG_COMPILER_GLOBAL_ACCENT_COLOR_NAME = AccentColor;
				CODE_SIGN_STYLE = Automatic;
				DEVELOPMENT_ASSET_PATHS = "\"BTC-App/Preview Content\"";
				ENABLE_PREVIEWS = YES;
				INFOPLIST_FILE = "BTC-App/Info.plist";
				LD_RUNPATH_SEARCH_PATHS = (
					"$(inherited)",
					"@executable_path/Frameworks",
				);
				PRODUCT_BUNDLE_IDENTIFIER = "soyeon.BTC-App";
				PRODUCT_NAME = "$(TARGET_NAME)";
				SWIFT_VERSION = 5.0;
				TARGETED_DEVICE_FAMILY = "1,2";
			};
			name = Debug;
		};
		920849EB26CE481100E2114A /* Release */ = {
			isa = XCBuildConfiguration;
			buildSettings = {
				ALWAYS_EMBED_SWIFT_STANDARD_LIBRARIES = YES;
				ASSETCATALOG_COMPILER_APPICON_NAME = AppIcon;
				ASSETCATALOG_COMPILER_GLOBAL_ACCENT_COLOR_NAME = AccentColor;
				CODE_SIGN_STYLE = Automatic;
				DEVELOPMENT_ASSET_PATHS = "\"BTC-App/Preview Content\"";
				ENABLE_PREVIEWS = YES;
				INFOPLIST_FILE = "BTC-App/Info.plist";
				LD_RUNPATH_SEARCH_PATHS = (
					"$(inherited)",
					"@executable_path/Frameworks",
				);
				PRODUCT_BUNDLE_IDENTIFIER = "soyeon.BTC-App";
				PRODUCT_NAME = "$(TARGET_NAME)";
				SWIFT_VERSION = 5.0;
				TARGETED_DEVICE_FAMILY = "1,2";
			};
			name = Release;
		};
		92084A0026CE48F900E2114A /* Debug */ = {
			isa = XCBuildConfiguration;
			buildSettings = {
				ASSETCATALOG_COMPILER_GLOBAL_ACCENT_COLOR_NAME = AccentColor;
				ASSETCATALOG_COMPILER_WIDGET_BACKGROUND_COLOR_NAME = WidgetBackground;
				CODE_SIGN_STYLE = Automatic;
				INFOPLIST_FILE = "BTC-App-Widget/Info.plist";
				LD_RUNPATH_SEARCH_PATHS = (
					"$(inherited)",
					"@executable_path/Frameworks",
					"@executable_path/../../Frameworks",
				);
				PRODUCT_BUNDLE_IDENTIFIER = "soyeon.BTC-App.BTC-App-Widget";
				PRODUCT_NAME = "$(TARGET_NAME)";
				SKIP_INSTALL = YES;
				SWIFT_VERSION = 5.0;
				TARGETED_DEVICE_FAMILY = "1,2";
			};
			name = Debug;
		};
		92084A0126CE48F900E2114A /* Release */ = {
			isa = XCBuildConfiguration;
			buildSettings = {
				ASSETCATALOG_COMPILER_GLOBAL_ACCENT_COLOR_NAME = AccentColor;
				ASSETCATALOG_COMPILER_WIDGET_BACKGROUND_COLOR_NAME = WidgetBackground;
				CODE_SIGN_STYLE = Automatic;
				INFOPLIST_FILE = "BTC-App-Widget/Info.plist";
				LD_RUNPATH_SEARCH_PATHS = (
					"$(inherited)",
					"@executable_path/Frameworks",
					"@executable_path/../../Frameworks",
				);
				PRODUCT_BUNDLE_IDENTIFIER = "soyeon.BTC-App.BTC-App-Widget";
				PRODUCT_NAME = "$(TARGET_NAME)";
				SKIP_INSTALL = YES;
				SWIFT_VERSION = 5.0;
				TARGETED_DEVICE_FAMILY = "1,2";
			};
			name = Release;
		};
/* End XCBuildConfiguration section */

/* Begin XCConfigurationList section */
		920849D026CE481000E2114A /* Build configuration list for PBXProject "BTC-App" */ = {
			isa = XCConfigurationList;
			buildConfigurations = (
				920849E726CE481100E2114A /* Debug */,
				920849E826CE481100E2114A /* Release */,
			);
			defaultConfigurationIsVisible = 0;
			defaultConfigurationName = Release;
		};
		920849E926CE481100E2114A /* Build configuration list for PBXNativeTarget "BTC-App" */ = {
			isa = XCConfigurationList;
			buildConfigurations = (
				920849EA26CE481100E2114A /* Debug */,
				920849EB26CE481100E2114A /* Release */,
			);
			defaultConfigurationIsVisible = 0;
			defaultConfigurationName = Release;
		};
		920849FF26CE48F900E2114A /* Build configuration list for PBXNativeTarget "BTC-App-WidgetExtension" */ = {
			isa = XCConfigurationList;
			buildConfigurations = (
				92084A0026CE48F900E2114A /* Debug */,
				92084A0126CE48F900E2114A /* Release */,
			);
			defaultConfigurationIsVisible = 0;
			defaultConfigurationName = Release;
		};
/* End XCConfigurationList section */
	};
	rootObject = 920849CD26CE481000E2114A /* Project object */;
}
